{
  "version": 4,
  "terraform_version": "1.14.0",
  "serial": 100,
  "lineage": "2c8b1c3a-0180-5b3f-769d-42139063e939",
  "outputs": {
    "alb_arn": {
      "value": "arn:aws:elasticloadbalancing:us-west-2:388691194728:loadbalancer/app/Troy-ollama-chat-app-alb/5fee64ccb7a981e4",
      "type": "string"
    },
    "alb_dns_name": {
      "value": "Troy-ollama-chat-app-alb-2060738799.us-west-2.elb.amazonaws.com",
      "type": "string"
    },
    "alb_security_group_id": {
      "value": "sg-0d58b171fda5ec13b",
      "type": "string"
    },
    "alb_zone_id": {
      "value": "Z1H1FL5HABSF5",
      "type": "string"
    },
    "application_url": {
      "value": "http://Troy-ollama-chat-app-alb-2060738799.us-west-2.elb.amazonaws.com",
      "type": "string"
    },
    "backend_api_url": {
      "value": "http://Troy-ollama-chat-app-alb-2060738799.us-west-2.elb.amazonaws.com/api",
      "type": "string"
    },
    "backend_asg_arn": {
      "value": "arn:aws:autoscaling:us-west-2:388691194728:autoScalingGroup:f595d70a-db61-4393-9f71-be3a51ed8957:autoScalingGroupName/Troy-ollama-chat-app-backend-asg",
      "type": "string"
    },
    "backend_asg_name": {
      "value": "Troy-ollama-chat-app-backend-asg",
      "type": "string"
    },
    "backend_nacl_id": {
      "value": "acl-0a4610f1ff35142b4",
      "type": "string"
    },
    "backend_security_group_id": {
      "value": "sg-0cb2d9d2fd5a87fb1",
      "type": "string"
    },
    "backend_target_group_arn": {
      "value": "arn:aws:elasticloadbalancing:us-west-2:388691194728:targetgroup/Troy-ollama-chat-app-backend-tg/50cb5ff4b815ae59",
      "type": "string"
    },
    "deployment_instructions": {
      "value": "\n========================================\nOllama Chat App - Deployment Summary\n========================================\n\nAPPLICATION ACCESS:\n-------------------\nFrontend URL:        http://Troy-ollama-chat-app-alb-2060738799.us-west-2.elb.amazonaws.com\nBackend API URL:     http://Troy-ollama-chat-app-alb-2060738799.us-west-2.elb.amazonaws.com/api\nHealth Check:        http://Troy-ollama-chat-app-alb-2060738799.us-west-2.elb.amazonaws.com/health\n\nAUTO SCALING CONFIGURATION:\n---------------------------\nBackend ASG:         Troy-ollama-chat-app-backend-asg\n  Min: 2, Max: 4, Desired: 2\n\nFrontend ASG:        Troy-ollama-chat-app-frontend-asg\n  Min: 2, Max: 4, Desired: 2\n\nINSTANCE ACCESS:\n----------------\n⚠️  No IAM role configured - SSM Session Manager NOT available\nAccess via SSH requires:\n  1. Add key_name to launch templates\n  2. Create bastion host in public subnet\n  3. Configure security groups for SSH access (port 22)\n\nINFRASTRUCTURE DETAILS:\n-----------------------\nVPC ID:              vpc-079b11ddb736129af\nVPC CIDR:            10.0.0.0/16\nPublic Subnets:      subnet-0ade655b399661ab3, subnet-0e933a4e3a01dab3f\nPrivate Subnets:     subnet-062687fb9c98206b5, subnet-068a541b3e31da9f6\nNAT Gateways:        nat-0ee633ba165f37311, nat-07ef46bd1e93deb4b\n\nNEXT STEPS:\n-----------\n1. Update DNS records to point to ALB: Troy-ollama-chat-app-alb-2060738799.us-west-2.elb.amazonaws.com\n2. Configure SSL/TLS certificate on ALB for HTTPS\n3. Set up CloudWatch alarms and dashboards\n4. Configure application secrets and environment variables\n5. Test health checks and auto-scaling policies\n6. Use Session Manager to access instances for troubleshooting\n\n========================================\n",
      "type": "string"
    },
    "frontend_asg_arn": {
      "value": "arn:aws:autoscaling:us-west-2:388691194728:autoScalingGroup:256675c4-99ec-460c-9021-7c0d52fcda07:autoScalingGroupName/Troy-ollama-chat-app-frontend-asg",
      "type": "string"
    },
    "frontend_asg_name": {
      "value": "Troy-ollama-chat-app-frontend-asg",
      "type": "string"
    },
    "frontend_security_group_id": {
      "value": "sg-06709cadc959026f6",
      "type": "string"
    },
    "frontend_target_group_arn": {
      "value": "arn:aws:elasticloadbalancing:us-west-2:388691194728:targetgroup/Troy-ollama-chat-app-frontend-tg/9a8368fb1883f6fb",
      "type": "string"
    },
    "nat_gateway_1_id": {
      "value": "nat-0ee633ba165f37311",
      "type": "string"
    },
    "nat_gateway_2_id": {
      "value": "nat-07ef46bd1e93deb4b",
      "type": "string"
    },
    "private_subnet_1_id": {
      "value": "subnet-062687fb9c98206b5",
      "type": "string"
    },
    "private_subnet_2_id": {
      "value": "subnet-068a541b3e31da9f6",
      "type": "string"
    },
    "public_subnet_1_id": {
      "value": "subnet-0ade655b399661ab3",
      "type": "string"
    },
    "public_subnet_2_id": {
      "value": "subnet-0e933a4e3a01dab3f",
      "type": "string"
    },
    "vpc_cidr": {
      "value": "10.0.0.0/16",
      "type": "string"
    },
    "vpc_id": {
      "value": "vpc-079b11ddb736129af",
      "type": "string"
    }
  },
  "resources": [
    {
      "mode": "data",
      "type": "aws_availability_zones",
      "name": "available",
      "provider": "provider[\"registry.terraform.io/hashicorp/aws\"]",
      "instances": [
        {
          "schema_version": 0,
          "attributes": {
            "all_availability_zones": null,
            "exclude_names": null,
            "exclude_zone_ids": null,
            "filter": null,
            "group_names": [
              "us-west-2-zg-1"
            ],
            "id": "us-west-2",
            "names": [
              "us-west-2a",
              "us-west-2b",
              "us-west-2c",
              "us-west-2d"
            ],
            "state": "available",
            "timeouts": null,
            "zone_ids": [
              "usw2-az2",
              "usw2-az1",
              "usw2-az3",
              "usw2-az4"
            ]
          },
          "sensitive_attributes": [],
          "identity_schema_version": 0
        }
      ]
    },
    {
      "mode": "managed",
      "type": "aws_autoscaling_group",
      "name": "backend_asg",
      "provider": "provider[\"registry.terraform.io/hashicorp/aws\"]",
      "instances": [
        {
          "schema_version": 1,
          "attributes": {
            "arn": "arn:aws:autoscaling:us-west-2:388691194728:autoScalingGroup:f595d70a-db61-4393-9f71-be3a51ed8957:autoScalingGroupName/Troy-ollama-chat-app-backend-asg",
            "availability_zone_distribution": [
              {
                "capacity_distribution_strategy": "balanced-best-effort"
              }
            ],
            "availability_zones": [
              "us-west-2a",
              "us-west-2b"
            ],
            "capacity_rebalance": false,
            "capacity_reservation_specification": [
              {
                "capacity_reservation_preference": "default",
                "capacity_reservation_target": []
              }
            ],
            "context": "",
            "default_cooldown": 300,
            "default_instance_warmup": 0,
            "desired_capacity": 2,
            "desired_capacity_type": "",
            "enabled_metrics": [
              "GroupDesiredCapacity",
              "GroupInServiceInstances",
              "GroupMaxSize",
              "GroupMinSize",
              "GroupTotalInstances"
            ],
            "force_delete": false,
            "force_delete_warm_pool": false,
            "health_check_grace_period": 300,
            "health_check_type": "ELB",
            "id": "Troy-ollama-chat-app-backend-asg",
            "ignore_failed_scaling_activities": false,
            "initial_lifecycle_hook": [],
            "instance_maintenance_policy": [],
            "instance_refresh": [],
            "launch_configuration": "",
            "launch_template": [
              {
                "id": "lt-07091f87c754b0a36",
                "name": "Troy-ollama-chat-app-backend-20251127162022833200000003",
                "version": "$Latest"
              }
            ],
            "load_balancers": [],
            "max_instance_lifetime": 0,
            "max_size": 4,
            "metrics_granularity": "1Minute",
            "min_elb_capacity": null,
            "min_size": 2,
            "mixed_instances_policy": [],
            "name": "Troy-ollama-chat-app-backend-asg",
            "name_prefix": "",
            "placement_group": "",
            "predicted_capacity": 0,
            "protect_from_scale_in": false,
            "service_linked_role_arn": "arn:aws:iam::388691194728:role/aws-service-role/autoscaling.amazonaws.com/AWSServiceRoleForAutoScaling",
            "suspended_processes": null,
            "tag": [
              {
                "key": "Environment",
                "propagate_at_launch": true,
                "value": "production"
              },
              {
                "key": "Name",
                "propagate_at_launch": true,
                "value": "Troy-ollama-chat-app-backend-asg-instance"
              },
              {
                "key": "Project",
                "propagate_at_launch": true,
                "value": "Troy-ollama-chat-app"
              },
              {
                "key": "Tier",
                "propagate_at_launch": true,
                "value": "Backend"
              }
            ],
            "target_group_arns": [
              "arn:aws:elasticloadbalancing:us-west-2:388691194728:targetgroup/Troy-ollama-chat-app-backend-tg/50cb5ff4b815ae59"
            ],
            "termination_policies": null,
            "timeouts": null,
            "traffic_source": [
              {
                "identifier": "arn:aws:elasticloadbalancing:us-west-2:388691194728:targetgroup/Troy-ollama-chat-app-backend-tg/50cb5ff4b815ae59",
                "type": "elbv2"
              }
            ],
            "vpc_zone_identifier": [
              "subnet-062687fb9c98206b5",
              "subnet-068a541b3e31da9f6"
            ],
            "wait_for_capacity_timeout": "10m",
            "wait_for_elb_capacity": null,
            "warm_pool": [],
            "warm_pool_size": 0
          },
          "sensitive_attributes": [],
          "identity_schema_version": 0,
          "private": "eyJlMmJmYjczMC1lY2FhLTExZTYtOGY4OC0zNDM2M2JjN2M0YzAiOnsiZGVsZXRlIjo2MDAwMDAwMDAwMDAsInVwZGF0ZSI6NjAwMDAwMDAwMDAwfSwic2NoZW1hX3ZlcnNpb24iOiIxIn0=",
          "dependencies": [
            "aws_launch_template.backend_lt",
            "aws_lb_target_group.backend_tg",
            "aws_security_group.alb_sg",
            "aws_security_group.backend_sg",
            "aws_subnet.private_subnet_1",
            "aws_subnet.private_subnet_2",
            "aws_vpc.ollama_vpc",
            "data.aws_availability_zones.available"
          ],
          "create_before_destroy": true
        }
      ]
    },
    {
      "mode": "managed",
      "type": "aws_autoscaling_group",
      "name": "frontend_asg",
      "provider": "provider[\"registry.terraform.io/hashicorp/aws\"]",
      "instances": [
        {
          "schema_version": 1,
          "attributes": {
            "arn": "arn:aws:autoscaling:us-west-2:388691194728:autoScalingGroup:256675c4-99ec-460c-9021-7c0d52fcda07:autoScalingGroupName/Troy-ollama-chat-app-frontend-asg",
            "availability_zone_distribution": [
              {
                "capacity_distribution_strategy": "balanced-best-effort"
              }
            ],
            "availability_zones": [
              "us-west-2a",
              "us-west-2b"
            ],
            "capacity_rebalance": false,
            "capacity_reservation_specification": [
              {
                "capacity_reservation_preference": "default",
                "capacity_reservation_target": []
              }
            ],
            "context": "",
            "default_cooldown": 300,
            "default_instance_warmup": 0,
            "desired_capacity": 2,
            "desired_capacity_type": "",
            "enabled_metrics": [
              "GroupDesiredCapacity",
              "GroupInServiceInstances",
              "GroupMaxSize",
              "GroupMinSize",
              "GroupTotalInstances"
            ],
            "force_delete": false,
            "force_delete_warm_pool": false,
            "health_check_grace_period": 300,
            "health_check_type": "ELB",
            "id": "Troy-ollama-chat-app-frontend-asg",
            "ignore_failed_scaling_activities": false,
            "initial_lifecycle_hook": [],
            "instance_maintenance_policy": [],
            "instance_refresh": [],
            "launch_configuration": "",
            "launch_template": [
              {
                "id": "lt-0fba82b2d9071c05b",
                "name": "Troy-ollama-chat-app-frontend-20251127162023200900000005",
                "version": "$Latest"
              }
            ],
            "load_balancers": [],
            "max_instance_lifetime": 0,
            "max_size": 4,
            "metrics_granularity": "1Minute",
            "min_elb_capacity": null,
            "min_size": 2,
            "mixed_instances_policy": [],
            "name": "Troy-ollama-chat-app-frontend-asg",
            "name_prefix": "",
            "placement_group": "",
            "predicted_capacity": 0,
            "protect_from_scale_in": false,
            "service_linked_role_arn": "arn:aws:iam::388691194728:role/aws-service-role/autoscaling.amazonaws.com/AWSServiceRoleForAutoScaling",
            "suspended_processes": null,
            "tag": [
              {
                "key": "Environment",
                "propagate_at_launch": true,
                "value": "production"
              },
              {
                "key": "Name",
                "propagate_at_launch": true,
                "value": "Troy-ollama-chat-app-frontend-asg-instance"
              },
              {
                "key": "Project",
                "propagate_at_launch": true,
                "value": "Troy-ollama-chat-app"
              },
              {
                "key": "Tier",
                "propagate_at_launch": true,
                "value": "Frontend"
              }
            ],
            "target_group_arns": [
              "arn:aws:elasticloadbalancing:us-west-2:388691194728:targetgroup/Troy-ollama-chat-app-frontend-tg/9a8368fb1883f6fb"
            ],
            "termination_policies": null,
            "timeouts": null,
            "traffic_source": [
              {
                "identifier": "arn:aws:elasticloadbalancing:us-west-2:388691194728:targetgroup/Troy-ollama-chat-app-frontend-tg/9a8368fb1883f6fb",
                "type": "elbv2"
              }
            ],
            "vpc_zone_identifier": [
              "subnet-062687fb9c98206b5",
              "subnet-068a541b3e31da9f6"
            ],
            "wait_for_capacity_timeout": "10m",
            "wait_for_elb_capacity": null,
            "warm_pool": [],
            "warm_pool_size": 0
          },
          "sensitive_attributes": [],
          "identity_schema_version": 0,
          "private": "eyJlMmJmYjczMC1lY2FhLTExZTYtOGY4OC0zNDM2M2JjN2M0YzAiOnsiZGVsZXRlIjo2MDAwMDAwMDAwMDAsInVwZGF0ZSI6NjAwMDAwMDAwMDAwfSwic2NoZW1hX3ZlcnNpb24iOiIxIn0=",
          "dependencies": [
            "aws_launch_template.frontend_lt",
            "aws_lb_target_group.frontend_tg",
            "aws_security_group.alb_sg",
            "aws_security_group.frontend_sg",
            "aws_subnet.private_subnet_1",
            "aws_subnet.private_subnet_2",
            "aws_vpc.ollama_vpc",
            "data.aws_availability_zones.available"
          ],
          "create_before_destroy": true
        }
      ]
    },
    {
      "mode": "managed",
      "type": "aws_autoscaling_policy",
      "name": "backend_scale_down",
      "provider": "provider[\"registry.terraform.io/hashicorp/aws\"]",
      "instances": [
        {
          "schema_version": 0,
          "attributes": {
            "adjustment_type": "ChangeInCapacity",
            "arn": "arn:aws:autoscaling:us-west-2:388691194728:scalingPolicy:b8b20e8d-fb6b-4a64-aba5-18f4a9bc698c:autoScalingGroupName/Troy-ollama-chat-app-backend-asg:policyName/Troy-ollama-chat-app-backend-scale-down",
            "autoscaling_group_name": "Troy-ollama-chat-app-backend-asg",
            "cooldown": 300,
            "enabled": true,
            "estimated_instance_warmup": 0,
            "id": "Troy-ollama-chat-app-backend-scale-down",
            "metric_aggregation_type": "",
            "min_adjustment_magnitude": 0,
            "name": "Troy-ollama-chat-app-backend-scale-down",
            "policy_type": "SimpleScaling",
            "predictive_scaling_configuration": [],
            "scaling_adjustment": -1,
            "step_adjustment": [],
            "target_tracking_configuration": []
          },
          "sensitive_attributes": [],
          "identity_schema_version": 0,
          "private": "bnVsbA==",
          "dependencies": [
            "aws_autoscaling_group.backend_asg",
            "aws_launch_template.backend_lt",
            "aws_lb_target_group.backend_tg",
            "aws_security_group.alb_sg",
            "aws_security_group.backend_sg",
            "aws_subnet.private_subnet_1",
            "aws_subnet.private_subnet_2",
            "aws_vpc.ollama_vpc",
            "data.aws_availability_zones.available"
          ]
        }
      ]
    },
    {
      "mode": "managed",
      "type": "aws_autoscaling_policy",
      "name": "backend_scale_up",
      "provider": "provider[\"registry.terraform.io/hashicorp/aws\"]",
      "instances": [
        {
          "schema_version": 0,
          "attributes": {
            "adjustment_type": "ChangeInCapacity",
            "arn": "arn:aws:autoscaling:us-west-2:388691194728:scalingPolicy:aa05da18-80a9-4ec3-8740-c2efd21624f5:autoScalingGroupName/Troy-ollama-chat-app-backend-asg:policyName/Troy-ollama-chat-app-backend-scale-up",
            "autoscaling_group_name": "Troy-ollama-chat-app-backend-asg",
            "cooldown": 300,
            "enabled": true,
            "estimated_instance_warmup": 0,
            "id": "Troy-ollama-chat-app-backend-scale-up",
            "metric_aggregation_type": "",
            "min_adjustment_magnitude": 0,
            "name": "Troy-ollama-chat-app-backend-scale-up",
            "policy_type": "SimpleScaling",
            "predictive_scaling_configuration": [],
            "scaling_adjustment": 1,
            "step_adjustment": [],
            "target_tracking_configuration": []
          },
          "sensitive_attributes": [],
          "identity_schema_version": 0,
          "private": "bnVsbA==",
          "dependencies": [
            "aws_autoscaling_group.backend_asg",
            "aws_launch_template.backend_lt",
            "aws_lb_target_group.backend_tg",
            "aws_security_group.alb_sg",
            "aws_security_group.backend_sg",
            "aws_subnet.private_subnet_1",
            "aws_subnet.private_subnet_2",
            "aws_vpc.ollama_vpc",
            "data.aws_availability_zones.available"
          ]
        }
      ]
    },
    {
      "mode": "managed",
      "type": "aws_autoscaling_policy",
      "name": "frontend_scale_down",
      "provider": "provider[\"registry.terraform.io/hashicorp/aws\"]",
      "instances": [
        {
          "schema_version": 0,
          "attributes": {
            "adjustment_type": "ChangeInCapacity",
            "arn": "arn:aws:autoscaling:us-west-2:388691194728:scalingPolicy:609a10ba-cd65-4b61-a3a4-f7d9f20e383d:autoScalingGroupName/Troy-ollama-chat-app-frontend-asg:policyName/Troy-ollama-chat-app-frontend-scale-down",
            "autoscaling_group_name": "Troy-ollama-chat-app-frontend-asg",
            "cooldown": 300,
            "enabled": true,
            "estimated_instance_warmup": 0,
            "id": "Troy-ollama-chat-app-frontend-scale-down",
            "metric_aggregation_type": "",
            "min_adjustment_magnitude": 0,
            "name": "Troy-ollama-chat-app-frontend-scale-down",
            "policy_type": "SimpleScaling",
            "predictive_scaling_configuration": [],
            "scaling_adjustment": -1,
            "step_adjustment": [],
            "target_tracking_configuration": []
          },
          "sensitive_attributes": [],
          "identity_schema_version": 0,
          "private": "bnVsbA==",
          "dependencies": [
            "aws_autoscaling_group.frontend_asg",
            "aws_launch_template.frontend_lt",
            "aws_lb_target_group.frontend_tg",
            "aws_security_group.alb_sg",
            "aws_security_group.frontend_sg",
            "aws_subnet.private_subnet_1",
            "aws_subnet.private_subnet_2",
            "aws_vpc.ollama_vpc",
            "data.aws_availability_zones.available"
          ]
        }
      ]
    },
    {
      "mode": "managed",
      "type": "aws_autoscaling_policy",
      "name": "frontend_scale_up",
      "provider": "provider[\"registry.terraform.io/hashicorp/aws\"]",
      "instances": [
        {
          "schema_version": 0,
          "attributes": {
            "adjustment_type": "ChangeInCapacity",
            "arn": "arn:aws:autoscaling:us-west-2:388691194728:scalingPolicy:29956002-1ce8-42ec-87f0-598ac4eee92e:autoScalingGroupName/Troy-ollama-chat-app-frontend-asg:policyName/Troy-ollama-chat-app-frontend-scale-up",
            "autoscaling_group_name": "Troy-ollama-chat-app-frontend-asg",
            "cooldown": 300,
            "enabled": true,
            "estimated_instance_warmup": 0,
            "id": "Troy-ollama-chat-app-frontend-scale-up",
            "metric_aggregation_type": "",
            "min_adjustment_magnitude": 0,
            "name": "Troy-ollama-chat-app-frontend-scale-up",
            "policy_type": "SimpleScaling",
            "predictive_scaling_configuration": [],
            "scaling_adjustment": 1,
            "step_adjustment": [],
            "target_tracking_configuration": []
          },
          "sensitive_attributes": [],
          "identity_schema_version": 0,
          "private": "bnVsbA==",
          "dependencies": [
            "aws_autoscaling_group.frontend_asg",
            "aws_launch_template.frontend_lt",
            "aws_lb_target_group.frontend_tg",
            "aws_security_group.alb_sg",
            "aws_security_group.frontend_sg",
            "aws_subnet.private_subnet_1",
            "aws_subnet.private_subnet_2",
            "aws_vpc.ollama_vpc",
            "data.aws_availability_zones.available"
          ]
        }
      ]
    },
    {
      "mode": "managed",
      "type": "aws_cloudwatch_metric_alarm",
      "name": "backend_cpu_high",
      "provider": "provider[\"registry.terraform.io/hashicorp/aws\"]",
      "instances": [
        {
          "schema_version": 1,
          "attributes": {
            "actions_enabled": true,
            "alarm_actions": [
              "arn:aws:autoscaling:us-west-2:388691194728:scalingPolicy:aa05da18-80a9-4ec3-8740-c2efd21624f5:autoScalingGroupName/Troy-ollama-chat-app-backend-asg:policyName/Troy-ollama-chat-app-backend-scale-up"
            ],
            "alarm_description": "This metric monitors backend CPU utilization",
            "alarm_name": "Troy-ollama-chat-app-backend-cpu-high",
            "arn": "arn:aws:cloudwatch:us-west-2:388691194728:alarm:Troy-ollama-chat-app-backend-cpu-high",
            "comparison_operator": "GreaterThanThreshold",
            "datapoints_to_alarm": 0,
            "dimensions": {
              "AutoScalingGroupName": "Troy-ollama-chat-app-backend-asg"
            },
            "evaluate_low_sample_count_percentiles": "",
            "evaluation_periods": 2,
            "extended_statistic": "",
            "id": "Troy-ollama-chat-app-backend-cpu-high",
            "insufficient_data_actions": null,
            "metric_name": "CPUUtilization",
            "metric_query": [],
            "namespace": "AWS/EC2",
            "ok_actions": null,
            "period": 120,
            "statistic": "Average",
            "tags": null,
            "tags_all": {},
            "threshold": 70,
            "threshold_metric_id": "",
            "treat_missing_data": "missing",
            "unit": ""
          },
          "sensitive_attributes": [],
          "identity_schema_version": 0,
          "private": "eyJzY2hlbWFfdmVyc2lvbiI6IjEifQ==",
          "dependencies": [
            "aws_autoscaling_group.backend_asg",
            "aws_autoscaling_policy.backend_scale_up",
            "aws_launch_template.backend_lt",
            "aws_lb_target_group.backend_tg",
            "aws_security_group.alb_sg",
            "aws_security_group.backend_sg",
            "aws_subnet.private_subnet_1",
            "aws_subnet.private_subnet_2",
            "aws_vpc.ollama_vpc",
            "data.aws_availability_zones.available"
          ]
        }
      ]
    },
    {
      "mode": "managed",
      "type": "aws_cloudwatch_metric_alarm",
      "name": "backend_cpu_low",
      "provider": "provider[\"registry.terraform.io/hashicorp/aws\"]",
      "instances": [
        {
          "schema_version": 1,
          "attributes": {
            "actions_enabled": true,
            "alarm_actions": [
              "arn:aws:autoscaling:us-west-2:388691194728:scalingPolicy:b8b20e8d-fb6b-4a64-aba5-18f4a9bc698c:autoScalingGroupName/Troy-ollama-chat-app-backend-asg:policyName/Troy-ollama-chat-app-backend-scale-down"
            ],
            "alarm_description": "This metric monitors backend CPU utilization",
            "alarm_name": "Troy-ollama-chat-app-backend-cpu-low",
            "arn": "arn:aws:cloudwatch:us-west-2:388691194728:alarm:Troy-ollama-chat-app-backend-cpu-low",
            "comparison_operator": "LessThanThreshold",
            "datapoints_to_alarm": 0,
            "dimensions": {
              "AutoScalingGroupName": "Troy-ollama-chat-app-backend-asg"
            },
            "evaluate_low_sample_count_percentiles": "",
            "evaluation_periods": 2,
            "extended_statistic": "",
            "id": "Troy-ollama-chat-app-backend-cpu-low",
            "insufficient_data_actions": null,
            "metric_name": "CPUUtilization",
            "metric_query": [],
            "namespace": "AWS/EC2",
            "ok_actions": null,
            "period": 120,
            "statistic": "Average",
            "tags": null,
            "tags_all": {},
            "threshold": 30,
            "threshold_metric_id": "",
            "treat_missing_data": "missing",
            "unit": ""
          },
          "sensitive_attributes": [],
          "identity_schema_version": 0,
          "private": "eyJzY2hlbWFfdmVyc2lvbiI6IjEifQ==",
          "dependencies": [
            "aws_autoscaling_group.backend_asg",
            "aws_autoscaling_policy.backend_scale_down",
            "aws_launch_template.backend_lt",
            "aws_lb_target_group.backend_tg",
            "aws_security_group.alb_sg",
            "aws_security_group.backend_sg",
            "aws_subnet.private_subnet_1",
            "aws_subnet.private_subnet_2",
            "aws_vpc.ollama_vpc",
            "data.aws_availability_zones.available"
          ]
        }
      ]
    },
    {
      "mode": "managed",
      "type": "aws_cloudwatch_metric_alarm",
      "name": "frontend_cpu_high",
      "provider": "provider[\"registry.terraform.io/hashicorp/aws\"]",
      "instances": [
        {
          "schema_version": 1,
          "attributes": {
            "actions_enabled": true,
            "alarm_actions": [
              "arn:aws:autoscaling:us-west-2:388691194728:scalingPolicy:29956002-1ce8-42ec-87f0-598ac4eee92e:autoScalingGroupName/Troy-ollama-chat-app-frontend-asg:policyName/Troy-ollama-chat-app-frontend-scale-up"
            ],
            "alarm_description": "This metric monitors frontend CPU utilization",
            "alarm_name": "Troy-ollama-chat-app-frontend-cpu-high",
            "arn": "arn:aws:cloudwatch:us-west-2:388691194728:alarm:Troy-ollama-chat-app-frontend-cpu-high",
            "comparison_operator": "GreaterThanThreshold",
            "datapoints_to_alarm": 0,
            "dimensions": {
              "AutoScalingGroupName": "Troy-ollama-chat-app-frontend-asg"
            },
            "evaluate_low_sample_count_percentiles": "",
            "evaluation_periods": 2,
            "extended_statistic": "",
            "id": "Troy-ollama-chat-app-frontend-cpu-high",
            "insufficient_data_actions": null,
            "metric_name": "CPUUtilization",
            "metric_query": [],
            "namespace": "AWS/EC2",
            "ok_actions": null,
            "period": 120,
            "statistic": "Average",
            "tags": null,
            "tags_all": {},
            "threshold": 70,
            "threshold_metric_id": "",
            "treat_missing_data": "missing",
            "unit": ""
          },
          "sensitive_attributes": [],
          "identity_schema_version": 0,
          "private": "eyJzY2hlbWFfdmVyc2lvbiI6IjEifQ==",
          "dependencies": [
            "aws_autoscaling_group.frontend_asg",
            "aws_autoscaling_policy.frontend_scale_up",
            "aws_launch_template.frontend_lt",
            "aws_lb_target_group.frontend_tg",
            "aws_security_group.alb_sg",
            "aws_security_group.frontend_sg",
            "aws_subnet.private_subnet_1",
            "aws_subnet.private_subnet_2",
            "aws_vpc.ollama_vpc",
            "data.aws_availability_zones.available"
          ]
        }
      ]
    },
    {
      "mode": "managed",
      "type": "aws_cloudwatch_metric_alarm",
      "name": "frontend_cpu_low",
      "provider": "provider[\"registry.terraform.io/hashicorp/aws\"]",
      "instances": [
        {
          "schema_version": 1,
          "attributes": {
            "actions_enabled": true,
            "alarm_actions": [
              "arn:aws:autoscaling:us-west-2:388691194728:scalingPolicy:609a10ba-cd65-4b61-a3a4-f7d9f20e383d:autoScalingGroupName/Troy-ollama-chat-app-frontend-asg:policyName/Troy-ollama-chat-app-frontend-scale-down"
            ],
            "alarm_description": "This metric monitors frontend CPU utilization",
            "alarm_name": "Troy-ollama-chat-app-frontend-cpu-low",
            "arn": "arn:aws:cloudwatch:us-west-2:388691194728:alarm:Troy-ollama-chat-app-frontend-cpu-low",
            "comparison_operator": "LessThanThreshold",
            "datapoints_to_alarm": 0,
            "dimensions": {
              "AutoScalingGroupName": "Troy-ollama-chat-app-frontend-asg"
            },
            "evaluate_low_sample_count_percentiles": "",
            "evaluation_periods": 2,
            "extended_statistic": "",
            "id": "Troy-ollama-chat-app-frontend-cpu-low",
            "insufficient_data_actions": null,
            "metric_name": "CPUUtilization",
            "metric_query": [],
            "namespace": "AWS/EC2",
            "ok_actions": null,
            "period": 120,
            "statistic": "Average",
            "tags": null,
            "tags_all": {},
            "threshold": 30,
            "threshold_metric_id": "",
            "treat_missing_data": "missing",
            "unit": ""
          },
          "sensitive_attributes": [],
          "identity_schema_version": 0,
          "private": "eyJzY2hlbWFfdmVyc2lvbiI6IjEifQ==",
          "dependencies": [
            "aws_autoscaling_group.frontend_asg",
            "aws_autoscaling_policy.frontend_scale_down",
            "aws_launch_template.frontend_lt",
            "aws_lb_target_group.frontend_tg",
            "aws_security_group.alb_sg",
            "aws_security_group.frontend_sg",
            "aws_subnet.private_subnet_1",
            "aws_subnet.private_subnet_2",
            "aws_vpc.ollama_vpc",
            "data.aws_availability_zones.available"
          ]
        }
      ]
    },
    {
      "mode": "managed",
      "type": "aws_eip",
      "name": "nat_eip_1",
      "provider": "provider[\"registry.terraform.io/hashicorp/aws\"]",
      "instances": [
        {
          "schema_version": 0,
          "attributes": {
            "address": null,
            "allocation_id": "eipalloc-035672b7e686f1d03",
            "arn": "arn:aws:ec2:us-west-2:388691194728:elastic-ip/eipalloc-035672b7e686f1d03",
            "associate_with_private_ip": null,
            "association_id": "",
            "carrier_ip": "",
            "customer_owned_ip": "",
            "customer_owned_ipv4_pool": "",
            "domain": "vpc",
            "id": "eipalloc-035672b7e686f1d03",
            "instance": "",
            "ipam_pool_id": null,
            "network_border_group": "us-west-2",
            "network_interface": "",
            "private_dns": null,
            "private_ip": "",
            "ptr_record": "",
            "public_dns": "ec2-100-22-246-93.us-west-2.compute.amazonaws.com",
            "public_ip": "100.22.246.93",
            "public_ipv4_pool": "amazon",
            "tags": {
              "Environment": "production",
              "Name": "Troy-ollama-chat-app-nat-eip-1",
              "Project": "Troy-ollama-chat-app"
            },
            "tags_all": {
              "Environment": "production",
              "Name": "Troy-ollama-chat-app-nat-eip-1",
              "Project": "Troy-ollama-chat-app"
            },
            "timeouts": null,
            "vpc": true
          },
          "sensitive_attributes": [],
          "identity_schema_version": 0,
          "private": "eyJlMmJmYjczMC1lY2FhLTExZTYtOGY4OC0zNDM2M2JjN2M0YzAiOnsiZGVsZXRlIjoxODAwMDAwMDAwMDAsInJlYWQiOjkwMDAwMDAwMDAwMCwidXBkYXRlIjozMDAwMDAwMDAwMDB9fQ==",
          "dependencies": [
            "aws_internet_gateway.ollama_igw",
            "aws_vpc.ollama_vpc"
          ]
        }
      ]
    },
    {
      "mode": "managed",
      "type": "aws_eip",
      "name": "nat_eip_2",
      "provider": "provider[\"registry.terraform.io/hashicorp/aws\"]",
      "instances": [
        {
          "schema_version": 0,
          "attributes": {
            "address": null,
            "allocation_id": "eipalloc-09ccb4e0132892ea7",
            "arn": "arn:aws:ec2:us-west-2:388691194728:elastic-ip/eipalloc-09ccb4e0132892ea7",
            "associate_with_private_ip": null,
            "association_id": "",
            "carrier_ip": "",
            "customer_owned_ip": "",
            "customer_owned_ipv4_pool": "",
            "domain": "vpc",
            "id": "eipalloc-09ccb4e0132892ea7",
            "instance": "",
            "ipam_pool_id": null,
            "network_border_group": "us-west-2",
            "network_interface": "",
            "private_dns": null,
            "private_ip": "",
            "ptr_record": "",
            "public_dns": "ec2-50-112-106-221.us-west-2.compute.amazonaws.com",
            "public_ip": "50.112.106.221",
            "public_ipv4_pool": "amazon",
            "tags": {
              "Environment": "production",
              "Name": "Troy-ollama-chat-app-nat-eip-2",
              "Project": "Troy-ollama-chat-app"
            },
            "tags_all": {
              "Environment": "production",
              "Name": "Troy-ollama-chat-app-nat-eip-2",
              "Project": "Troy-ollama-chat-app"
            },
            "timeouts": null,
            "vpc": true
          },
          "sensitive_attributes": [],
          "identity_schema_version": 0,
          "private": "eyJlMmJmYjczMC1lY2FhLTExZTYtOGY4OC0zNDM2M2JjN2M0YzAiOnsiZGVsZXRlIjoxODAwMDAwMDAwMDAsInJlYWQiOjkwMDAwMDAwMDAwMCwidXBkYXRlIjozMDAwMDAwMDAwMDB9fQ==",
          "dependencies": [
            "aws_internet_gateway.ollama_igw",
            "aws_vpc.ollama_vpc"
          ]
        }
      ]
    },
    {
      "mode": "managed",
      "type": "aws_internet_gateway",
      "name": "ollama_igw",
      "provider": "provider[\"registry.terraform.io/hashicorp/aws\"]",
      "instances": [
        {
          "schema_version": 0,
          "attributes": {
            "arn": "arn:aws:ec2:us-west-2:388691194728:internet-gateway/igw-015c2ec438ce86691",
            "id": "igw-015c2ec438ce86691",
            "owner_id": "388691194728",
            "tags": {
              "Environment": "production",
              "Name": "Troy-ollama-chat-app-igw",
              "Project": "Troy-ollama-chat-app"
            },
            "tags_all": {
              "Environment": "production",
              "Name": "Troy-ollama-chat-app-igw",
              "Project": "Troy-ollama-chat-app"
            },
            "timeouts": null,
            "vpc_id": "vpc-079b11ddb736129af"
          },
          "sensitive_attributes": [],
          "identity_schema_version": 0,
          "private": "eyJlMmJmYjczMC1lY2FhLTExZTYtOGY4OC0zNDM2M2JjN2M0YzAiOnsiY3JlYXRlIjoxMjAwMDAwMDAwMDAwLCJkZWxldGUiOjEyMDAwMDAwMDAwMDAsInVwZGF0ZSI6MTIwMDAwMDAwMDAwMH19",
          "dependencies": [
            "aws_vpc.ollama_vpc"
          ]
        }
      ]
    },
    {
      "mode": "managed",
      "type": "aws_launch_template",
      "name": "backend_lt",
      "provider": "provider[\"registry.terraform.io/hashicorp/aws\"]",
      "instances": [
        {
          "schema_version": 0,
          "attributes": {
            "arn": "arn:aws:ec2:us-west-2:388691194728:launch-template/lt-07091f87c754b0a36",
            "block_device_mappings": [
              {
                "device_name": "/dev/sda1",
                "ebs": [
                  {
                    "delete_on_termination": "true",
                    "encrypted": "true",
                    "iops": 0,
                    "kms_key_id": "",
                    "snapshot_id": "",
                    "throughput": 0,
                    "volume_initialization_rate": 0,
                    "volume_size": 30,
                    "volume_type": "gp3"
                  }
                ],
                "no_device": "",
                "virtual_name": ""
              }
            ],
            "capacity_reservation_specification": [],
            "cpu_options": [],
            "credit_specification": [],
            "default_version": 1,
            "description": "",
            "disable_api_stop": false,
            "disable_api_termination": false,
            "ebs_optimized": "",
            "elastic_gpu_specifications": [],
            "elastic_inference_accelerator": [],
            "enclave_options": [],
            "hibernation_options": [],
            "iam_instance_profile": [],
            "id": "lt-07091f87c754b0a36",
            "image_id": "ami-0c5f78ca5e1169a1a",
            "instance_initiated_shutdown_behavior": "",
            "instance_market_options": [],
            "instance_requirements": [],
            "instance_type": "t3.medium",
            "kernel_id": "",
            "key_name": "",
            "latest_version": 1,
            "license_specification": [],
            "maintenance_options": [],
            "metadata_options": [
              {
                "http_endpoint": "enabled",
                "http_protocol_ipv6": "",
                "http_put_response_hop_limit": 1,
                "http_tokens": "required",
                "instance_metadata_tags": ""
              }
            ],
            "monitoring": [],
            "name": "Troy-ollama-chat-app-backend-20251127162022833200000003",
            "name_prefix": "Troy-ollama-chat-app-backend-",
            "network_interfaces": [],
            "placement": [],
            "private_dns_name_options": [],
            "ram_disk_id": "",
            "security_group_names": null,
            "tag_specifications": [
              {
                "resource_type": "instance",
                "tags": {
                  "Environment": "production",
                  "Name": "Troy-ollama-chat-app-backend-instance",
                  "Project": "Troy-ollama-chat-app",
                  "Tier": "Backend"
                }
              }
            ],
            "tags": null,
            "tags_all": {},
            "update_default_version": null,
            "user_data": "IyEvYmluL2Jhc2gKc2V0IC1lCgojIExvZyBhbGwgb3V0cHV0IHRvIGEgZmlsZQpleGVjID4gPih0ZWUgL3Zhci9sb2cvdXNlci1kYXRhLmxvZykKZXhlYyAyPiYxCgplY2hvICI9PT0gU3RhcnRpbmcgQmFja2VuZCBJbnN0YW5jZSBTZXR1cCA9PT0iCmVjaG8gIlByb2plY3Q6IFRyb3ktb2xsYW1hLWNoYXQtYXBwIgplY2hvICJHaXQgUmVwbzogaHR0cHM6Ly9naXRodWIuY29tL0x1bWluMzNyL29sbGFtYS1jaGF0LWFwcC5naXQiCmVjaG8gIk9sbGFtYSBNb2RlbDogbGxhbWEzLjI6MWIiCgojIFVwZGF0ZSBzeXN0ZW0gcGFja2FnZXMKZWNobyAiPT09IFVwZGF0aW5nIHN5c3RlbSBwYWNrYWdlcyA9PT0iCmFwdC1nZXQgdXBkYXRlCmFwdC1nZXQgdXBncmFkZSAteQoKIyBJbnN0YWxsIGRlcGVuZGVuY2llcwplY2hvICI9PT0gSW5zdGFsbGluZyBkZXBlbmRlbmNpZXMgPT09IgphcHQtZ2V0IGluc3RhbGwgLXkgXAogICAgYXB0LXRyYW5zcG9ydC1odHRwcyBcCiAgICBjYS1jZXJ0aWZpY2F0ZXMgXAogICAgY3VybCBcCiAgICBnbnVwZyBcCiAgICBsc2ItcmVsZWFzZSBcCiAgICBnaXQgXAogICAgcHl0aG9uMyBcCiAgICBweXRob24zLXBpcCBcCiAgICBweXRob24zLXZlbnYKCiMgSW5zdGFsbCBEb2NrZXIKZWNobyAiPT09IEluc3RhbGxpbmcgRG9ja2VyID09PSIKY3VybCAtZnNTTCBodHRwczovL2dldC5kb2NrZXIuY29tIC1vIGdldC1kb2NrZXIuc2gKc2ggZ2V0LWRvY2tlci5zaAp1c2VybW9kIC1hRyBkb2NrZXIgdWJ1bnR1CgojIEluc3RhbGwgRG9ja2VyIENvbXBvc2UKZWNobyAiPT09IEluc3RhbGxpbmcgRG9ja2VyIENvbXBvc2UgPT09IgpjdXJsIC1MICJodHRwczovL2dpdGh1Yi5jb20vZG9ja2VyL2NvbXBvc2UvcmVsZWFzZXMvbGF0ZXN0L2Rvd25sb2FkL2RvY2tlci1jb21wb3NlLSQodW5hbWUgLXMpLSQodW5hbWUgLW0pIiAtbyAvdXNyL2xvY2FsL2Jpbi9kb2NrZXItY29tcG9zZQpjaG1vZCAreCAvdXNyL2xvY2FsL2Jpbi9kb2NrZXItY29tcG9zZQoKIyBJbnN0YWxsIENsb3VkV2F0Y2ggYWdlbnQKZWNobyAiPT09IEluc3RhbGxpbmcgQ2xvdWRXYXRjaCBhZ2VudCA9PT0iCndnZXQgaHR0cHM6Ly9zMy5hbWF6b25hd3MuY29tL2FtYXpvbmNsb3Vkd2F0Y2gtYWdlbnQvdWJ1bnR1L2FtZDY0L2xhdGVzdC9hbWF6b24tY2xvdWR3YXRjaC1hZ2VudC5kZWIKZHBrZyAtaSAtRSAuL2FtYXpvbi1jbG91ZHdhdGNoLWFnZW50LmRlYgoKIyBDbG9uZSBhcHBsaWNhdGlvbiByZXBvc2l0b3J5CmVjaG8gIj09PSBDbG9uaW5nIGFwcGxpY2F0aW9uIHJlcG9zaXRvcnkgPT09IgpjZCAvaG9tZS91YnVudHUKaWYgWyAhIC1kICJhcHAiIF07IHRoZW4KICAgIHN1ZG8gLXUgdWJ1bnR1IGdpdCBjbG9uZSBodHRwczovL2dpdGh1Yi5jb20vTHVtaW4zM3Ivb2xsYW1hLWNoYXQtYXBwLmdpdCBhcHAKZmkKY2QgYXBwCgojIEluc3RhbGwgT2xsYW1hCmVjaG8gIj09PSBJbnN0YWxsaW5nIE9sbGFtYSA9PT0iCmN1cmwgLWZzU0wgaHR0cHM6Ly9vbGxhbWEuY29tL2luc3RhbGwuc2ggfCBzaAoKIyBTdGFydCBPbGxhbWEgc2VydmljZQplY2hvICI9PT0gU3RhcnRpbmcgT2xsYW1hIHNlcnZpY2UgPT09IgpzeXN0ZW1jdGwgZW5hYmxlIG9sbGFtYQpzeXN0ZW1jdGwgc3RhcnQgb2xsYW1hCgojIFdhaXQgZm9yIE9sbGFtYSB0byBiZSByZWFkeQpzbGVlcCAxMAoKIyBQdWxsIHRoZSBzcGVjaWZpZWQgbW9kZWwKZWNobyAiPT09IFB1bGxpbmcgT2xsYW1hIG1vZGVsOiBsbGFtYTMuMjoxYiA9PT0iCm9sbGFtYSBwdWxsIGxsYW1hMy4yOjFiCgojIEluc3RhbGwgUHl0aG9uIGRlcGVuZGVuY2llcwplY2hvICI9PT0gSW5zdGFsbGluZyBQeXRob24gZGVwZW5kZW5jaWVzID09PSIKY2QgL2hvbWUvdWJ1bnR1L2FwcC9iYWNrZW5kCmlmIFsgLWYgInJlcXVpcmVtZW50cy50eHQiIF07IHRoZW4KICAgIHBpcDMgaW5zdGFsbCAtciByZXF1aXJlbWVudHMudHh0CmZpCgojIFN0YXJ0IGJhY2tlbmQgc2VydmljZSB3aXRoIERvY2tlciBDb21wb3NlCmVjaG8gIj09PSBTdGFydGluZyBiYWNrZW5kIHNlcnZpY2UgPT09IgpjZCAvaG9tZS91YnVudHUvYXBwCmRvY2tlci1jb21wb3NlIHVwIC1kIGJhY2tlbmQKCmVjaG8gIj09PSBCYWNrZW5kIEluc3RhbmNlIFNldHVwIENvbXBsZXRlID09PSIK",
            "vpc_security_group_ids": [
              "sg-0cb2d9d2fd5a87fb1"
            ]
          },
          "sensitive_attributes": [],
          "identity_schema_version": 0,
          "private": "bnVsbA==",
          "dependencies": [
            "aws_security_group.alb_sg",
            "aws_security_group.backend_sg",
            "aws_vpc.ollama_vpc"
          ],
          "create_before_destroy": true
        }
      ]
    },
    {
      "mode": "managed",
      "type": "aws_launch_template",
      "name": "frontend_lt",
      "provider": "provider[\"registry.terraform.io/hashicorp/aws\"]",
      "instances": [
        {
          "schema_version": 0,
          "attributes": {
            "arn": "arn:aws:ec2:us-west-2:388691194728:launch-template/lt-0fba82b2d9071c05b",
            "block_device_mappings": [
              {
                "device_name": "/dev/sda1",
                "ebs": [
                  {
                    "delete_on_termination": "true",
                    "encrypted": "true",
                    "iops": 0,
                    "kms_key_id": "",
                    "snapshot_id": "",
                    "throughput": 0,
                    "volume_initialization_rate": 0,
                    "volume_size": 20,
                    "volume_type": "gp3"
                  }
                ],
                "no_device": "",
                "virtual_name": ""
              }
            ],
            "capacity_reservation_specification": [],
            "cpu_options": [],
            "credit_specification": [],
            "default_version": 1,
            "description": "",
            "disable_api_stop": false,
            "disable_api_termination": false,
            "ebs_optimized": "",
            "elastic_gpu_specifications": [],
            "elastic_inference_accelerator": [],
            "enclave_options": [],
            "hibernation_options": [],
            "iam_instance_profile": [],
            "id": "lt-0fba82b2d9071c05b",
            "image_id": "ami-0c5f78ca5e1169a1a",
            "instance_initiated_shutdown_behavior": "",
            "instance_market_options": [],
            "instance_requirements": [],
            "instance_type": "t3.small",
            "kernel_id": "",
            "key_name": "",
            "latest_version": 1,
            "license_specification": [],
            "maintenance_options": [],
            "metadata_options": [
              {
                "http_endpoint": "enabled",
                "http_protocol_ipv6": "",
                "http_put_response_hop_limit": 1,
                "http_tokens": "required",
                "instance_metadata_tags": ""
              }
            ],
            "monitoring": [],
            "name": "Troy-ollama-chat-app-frontend-20251127162023200900000005",
            "name_prefix": "Troy-ollama-chat-app-frontend-",
            "network_interfaces": [],
            "placement": [],
            "private_dns_name_options": [],
            "ram_disk_id": "",
            "security_group_names": null,
            "tag_specifications": [
              {
                "resource_type": "instance",
                "tags": {
                  "Environment": "production",
                  "Name": "Troy-ollama-chat-app-frontend-instance",
                  "Project": "Troy-ollama-chat-app",
                  "Tier": "Frontend"
                }
              }
            ],
            "tags": null,
            "tags_all": {},
            "update_default_version": null,
            "user_data": "IyEvYmluL2Jhc2gKc2V0IC1lCgojIExvZyBhbGwgb3V0cHV0IHRvIGEgZmlsZQpleGVjID4gPih0ZWUgL3Zhci9sb2cvdXNlci1kYXRhLmxvZykKZXhlYyAyPiYxCgplY2hvICI9PT0gU3RhcnRpbmcgRnJvbnRlbmQgSW5zdGFuY2UgU2V0dXAgPT09IgplY2hvICJQcm9qZWN0OiBUcm95LW9sbGFtYS1jaGF0LWFwcCIKZWNobyAiR2l0IFJlcG86IGh0dHBzOi8vZ2l0aHViLmNvbS9MdW1pbjMzci9vbGxhbWEtY2hhdC1hcHAuZ2l0IgoKIyBVcGRhdGUgc3lzdGVtIHBhY2thZ2VzCmVjaG8gIj09PSBVcGRhdGluZyBzeXN0ZW0gcGFja2FnZXMgPT09IgphcHQtZ2V0IHVwZGF0ZQphcHQtZ2V0IHVwZ3JhZGUgLXkKCiMgSW5zdGFsbCBkZXBlbmRlbmNpZXMKZWNobyAiPT09IEluc3RhbGxpbmcgZGVwZW5kZW5jaWVzID09PSIKYXB0LWdldCBpbnN0YWxsIC15IFwKICAgIGFwdC10cmFuc3BvcnQtaHR0cHMgXAogICAgY2EtY2VydGlmaWNhdGVzIFwKICAgIGN1cmwgXAogICAgZ251cGcgXAogICAgbHNiLXJlbGVhc2UgXAogICAgZ2l0CgojIEluc3RhbGwgRG9ja2VyCmVjaG8gIj09PSBJbnN0YWxsaW5nIERvY2tlciA9PT0iCmN1cmwgLWZzU0wgaHR0cHM6Ly9nZXQuZG9ja2VyLmNvbSAtbyBnZXQtZG9ja2VyLnNoCnNoIGdldC1kb2NrZXIuc2gKdXNlcm1vZCAtYUcgZG9ja2VyIHVidW50dQoKIyBJbnN0YWxsIERvY2tlciBDb21wb3NlCmVjaG8gIj09PSBJbnN0YWxsaW5nIERvY2tlciBDb21wb3NlID09PSIKY3VybCAtTCAiaHR0cHM6Ly9naXRodWIuY29tL2RvY2tlci9jb21wb3NlL3JlbGVhc2VzL2xhdGVzdC9kb3dubG9hZC9kb2NrZXItY29tcG9zZS0kKHVuYW1lIC1zKS0kKHVuYW1lIC1tKSIgLW8gL3Vzci9sb2NhbC9iaW4vZG9ja2VyLWNvbXBvc2UKY2htb2QgK3ggL3Vzci9sb2NhbC9iaW4vZG9ja2VyLWNvbXBvc2UKCiMgSW5zdGFsbCBOb2RlLmpzIChmb3IgYnVpbGRpbmcgZnJvbnRlbmQpCmVjaG8gIj09PSBJbnN0YWxsaW5nIE5vZGUuanMgPT09IgpjdXJsIC1mc1NMIGh0dHBzOi8vZGViLm5vZGVzb3VyY2UuY29tL3NldHVwXzE4LnggfCBiYXNoIC0KYXB0LWdldCBpbnN0YWxsIC15IG5vZGVqcwoKIyBJbnN0YWxsIENsb3VkV2F0Y2ggYWdlbnQKZWNobyAiPT09IEluc3RhbGxpbmcgQ2xvdWRXYXRjaCBhZ2VudCA9PT0iCndnZXQgaHR0cHM6Ly9zMy5hbWF6b25hd3MuY29tL2FtYXpvbmNsb3Vkd2F0Y2gtYWdlbnQvdWJ1bnR1L2FtZDY0L2xhdGVzdC9hbWF6b24tY2xvdWR3YXRjaC1hZ2VudC5kZWIKZHBrZyAtaSAtRSAuL2FtYXpvbi1jbG91ZHdhdGNoLWFnZW50LmRlYgoKIyBDbG9uZSBhcHBsaWNhdGlvbiByZXBvc2l0b3J5CmVjaG8gIj09PSBDbG9uaW5nIGFwcGxpY2F0aW9uIHJlcG9zaXRvcnkgPT09IgpjZCAvaG9tZS91YnVudHUKaWYgWyAhIC1kICJhcHAiIF07IHRoZW4KICAgIHN1ZG8gLXUgdWJ1bnR1IGdpdCBjbG9uZSBodHRwczovL2dpdGh1Yi5jb20vTHVtaW4zM3Ivb2xsYW1hLWNoYXQtYXBwLmdpdCBhcHAKZmkKY2QgYXBwCgojIEJ1aWxkIGFuZCBzdGFydCBmcm9udGVuZCBzZXJ2aWNlIHdpdGggRG9ja2VyIENvbXBvc2UKZWNobyAiPT09IFN0YXJ0aW5nIGZyb250ZW5kIHNlcnZpY2UgPT09IgpjZCAvaG9tZS91YnVudHUvYXBwCmRvY2tlci1jb21wb3NlIHVwIC1kIGZyb250ZW5kCgplY2hvICI9PT0gRnJvbnRlbmQgSW5zdGFuY2UgU2V0dXAgQ29tcGxldGUgPT09Igo=",
            "vpc_security_group_ids": [
              "sg-06709cadc959026f6"
            ]
          },
          "sensitive_attributes": [],
          "identity_schema_version": 0,
          "private": "bnVsbA==",
          "dependencies": [
            "aws_security_group.alb_sg",
            "aws_security_group.frontend_sg",
            "aws_vpc.ollama_vpc"
          ],
          "create_before_destroy": true
        }
      ]
    },
    {
      "mode": "managed",
      "type": "aws_lb",
      "name": "app_lb",
      "provider": "provider[\"registry.terraform.io/hashicorp/aws\"]",
      "instances": [
        {
          "schema_version": 0,
          "attributes": {
            "access_logs": [
              {
                "bucket": "",
                "enabled": false,
                "prefix": ""
              }
            ],
            "arn": "arn:aws:elasticloadbalancing:us-west-2:388691194728:loadbalancer/app/Troy-ollama-chat-app-alb/5fee64ccb7a981e4",
            "arn_suffix": "app/Troy-ollama-chat-app-alb/5fee64ccb7a981e4",
            "client_keep_alive": 3600,
            "connection_logs": [
              {
                "bucket": "",
                "enabled": false,
                "prefix": ""
              }
            ],
            "customer_owned_ipv4_pool": "",
            "desync_mitigation_mode": "defensive",
            "dns_name": "Troy-ollama-chat-app-alb-2060738799.us-west-2.elb.amazonaws.com",
            "dns_record_client_routing_policy": null,
            "drop_invalid_header_fields": false,
            "enable_cross_zone_load_balancing": true,
            "enable_deletion_protection": false,
            "enable_http2": true,
            "enable_tls_version_and_cipher_suite_headers": false,
            "enable_waf_fail_open": false,
            "enable_xff_client_port": false,
            "enable_zonal_shift": false,
            "enforce_security_group_inbound_rules_on_private_link_traffic": "",
            "id": "arn:aws:elasticloadbalancing:us-west-2:388691194728:loadbalancer/app/Troy-ollama-chat-app-alb/5fee64ccb7a981e4",
            "idle_timeout": 60,
            "internal": false,
            "ip_address_type": "ipv4",
            "ipam_pools": [],
            "load_balancer_type": "application",
            "minimum_load_balancer_capacity": [],
            "name": "Troy-ollama-chat-app-alb",
            "name_prefix": "",
            "preserve_host_header": false,
            "security_groups": [
              "sg-0d58b171fda5ec13b"
            ],
            "subnet_mapping": [
              {
                "allocation_id": "",
                "ipv6_address": "",
                "outpost_id": "",
                "private_ipv4_address": "",
                "subnet_id": "subnet-0ade655b399661ab3"
              },
              {
                "allocation_id": "",
                "ipv6_address": "",
                "outpost_id": "",
                "private_ipv4_address": "",
                "subnet_id": "subnet-0e933a4e3a01dab3f"
              }
            ],
            "subnets": [
              "subnet-0ade655b399661ab3",
              "subnet-0e933a4e3a01dab3f"
            ],
            "tags": {
              "Environment": "production",
              "Name": "Troy-ollama-chat-app-alb",
              "Project": "Troy-ollama-chat-app"
            },
            "tags_all": {
              "Environment": "production",
              "Name": "Troy-ollama-chat-app-alb",
              "Project": "Troy-ollama-chat-app"
            },
            "timeouts": null,
            "vpc_id": "vpc-079b11ddb736129af",
            "xff_header_processing_mode": "append",
            "zone_id": "Z1H1FL5HABSF5"
          },
          "sensitive_attributes": [],
          "identity_schema_version": 0,
          "private": "eyJlMmJmYjczMC1lY2FhLTExZTYtOGY4OC0zNDM2M2JjN2M0YzAiOnsiY3JlYXRlIjo2MDAwMDAwMDAwMDAsImRlbGV0ZSI6NjAwMDAwMDAwMDAwLCJ1cGRhdGUiOjYwMDAwMDAwMDAwMH19",
          "dependencies": [
            "aws_security_group.alb_sg",
            "aws_subnet.public_subnet_1",
            "aws_subnet.public_subnet_2",
            "aws_vpc.ollama_vpc",
            "data.aws_availability_zones.available"
          ]
        }
      ]
    },
    {
      "mode": "managed",
      "type": "aws_lb_listener",
      "name": "http",
      "provider": "provider[\"registry.terraform.io/hashicorp/aws\"]",
      "instances": [
        {
          "schema_version": 0,
          "attributes": {
            "alpn_policy": null,
            "arn": "arn:aws:elasticloadbalancing:us-west-2:388691194728:listener/app/Troy-ollama-chat-app-alb/5fee64ccb7a981e4/89bb8a527b3c5a30",
            "certificate_arn": null,
            "default_action": [
              {
                "authenticate_cognito": [],
                "authenticate_oidc": [],
                "fixed_response": [],
                "forward": [],
                "order": 1,
                "redirect": [],
                "target_group_arn": "arn:aws:elasticloadbalancing:us-west-2:388691194728:targetgroup/Troy-ollama-chat-app-frontend-tg/9a8368fb1883f6fb",
                "type": "forward"
              }
            ],
            "id": "arn:aws:elasticloadbalancing:us-west-2:388691194728:listener/app/Troy-ollama-chat-app-alb/5fee64ccb7a981e4/89bb8a527b3c5a30",
            "load_balancer_arn": "arn:aws:elasticloadbalancing:us-west-2:388691194728:loadbalancer/app/Troy-ollama-chat-app-alb/5fee64ccb7a981e4",
            "mutual_authentication": [],
            "port": 80,
            "protocol": "HTTP",
            "routing_http_request_x_amzn_mtls_clientcert_header_name": null,
            "routing_http_request_x_amzn_mtls_clientcert_issuer_header_name": null,
            "routing_http_request_x_amzn_mtls_clientcert_leaf_header_name": null,
            "routing_http_request_x_amzn_mtls_clientcert_serial_number_header_name": null,
            "routing_http_request_x_amzn_mtls_clientcert_subject_header_name": null,
            "routing_http_request_x_amzn_mtls_clientcert_validity_header_name": null,
            "routing_http_request_x_amzn_tls_cipher_suite_header_name": null,
            "routing_http_request_x_amzn_tls_version_header_name": null,
            "routing_http_response_access_control_allow_credentials_header_value": "",
            "routing_http_response_access_control_allow_headers_header_value": "",
            "routing_http_response_access_control_allow_methods_header_value": "",
            "routing_http_response_access_control_allow_origin_header_value": "",
            "routing_http_response_access_control_expose_headers_header_value": "",
            "routing_http_response_access_control_max_age_header_value": "",
            "routing_http_response_content_security_policy_header_value": "",
            "routing_http_response_server_enabled": true,
            "routing_http_response_strict_transport_security_header_value": "",
            "routing_http_response_x_content_type_options_header_value": "",
            "routing_http_response_x_frame_options_header_value": "",
            "ssl_policy": "",
            "tags": {
              "Environment": "production",
              "Name": "Troy-ollama-chat-app-http-listener",
              "Project": "Troy-ollama-chat-app"
            },
            "tags_all": {
              "Environment": "production",
              "Name": "Troy-ollama-chat-app-http-listener",
              "Project": "Troy-ollama-chat-app"
            },
            "tcp_idle_timeout_seconds": null,
            "timeouts": null
          },
          "sensitive_attributes": [],
          "identity_schema_version": 0,
          "private": "eyJlMmJmYjczMC1lY2FhLTExZTYtOGY4OC0zNDM2M2JjN2M0YzAiOnsiY3JlYXRlIjozMDAwMDAwMDAwMDAsInVwZGF0ZSI6MzAwMDAwMDAwMDAwfX0=",
          "dependencies": [
            "aws_lb.app_lb",
            "aws_lb_target_group.frontend_tg",
            "aws_security_group.alb_sg",
            "aws_subnet.public_subnet_1",
            "aws_subnet.public_subnet_2",
            "aws_vpc.ollama_vpc",
            "data.aws_availability_zones.available"
          ]
        }
      ]
    },
    {
      "mode": "managed",
      "type": "aws_lb_listener_rule",
      "name": "api_routing",
      "provider": "provider[\"registry.terraform.io/hashicorp/aws\"]",
      "instances": [
        {
          "schema_version": 0,
          "attributes": {
            "action": [
              {
                "authenticate_cognito": [],
                "authenticate_oidc": [],
                "fixed_response": [],
                "forward": [],
                "order": 1,
                "redirect": [],
                "target_group_arn": "arn:aws:elasticloadbalancing:us-west-2:388691194728:targetgroup/Troy-ollama-chat-app-backend-tg/50cb5ff4b815ae59",
                "type": "forward"
              }
            ],
            "arn": "arn:aws:elasticloadbalancing:us-west-2:388691194728:listener-rule/app/Troy-ollama-chat-app-alb/5fee64ccb7a981e4/89bb8a527b3c5a30/d462aa15b61c56e5",
            "condition": [
              {
                "host_header": [],
                "http_header": [],
                "http_request_method": [],
                "path_pattern": [
                  {
                    "values": [
                      "/api/*",
                      "/health"
                    ]
                  }
                ],
                "query_string": [],
                "source_ip": []
              }
            ],
            "id": "arn:aws:elasticloadbalancing:us-west-2:388691194728:listener-rule/app/Troy-ollama-chat-app-alb/5fee64ccb7a981e4/89bb8a527b3c5a30/d462aa15b61c56e5",
            "listener_arn": "arn:aws:elasticloadbalancing:us-west-2:388691194728:listener/app/Troy-ollama-chat-app-alb/5fee64ccb7a981e4/89bb8a527b3c5a30",
            "priority": 100,
            "tags": {
              "Environment": "production",
              "Name": "Troy-ollama-chat-app-api-routing",
              "Project": "Troy-ollama-chat-app"
            },
            "tags_all": {
              "Environment": "production",
              "Name": "Troy-ollama-chat-app-api-routing",
              "Project": "Troy-ollama-chat-app"
            }
          },
          "sensitive_attributes": [],
          "identity_schema_version": 0,
          "private": "bnVsbA==",
          "dependencies": [
            "aws_lb.app_lb",
            "aws_lb_listener.http",
            "aws_lb_target_group.backend_tg",
            "aws_lb_target_group.frontend_tg",
            "aws_security_group.alb_sg",
            "aws_subnet.public_subnet_1",
            "aws_subnet.public_subnet_2",
            "aws_vpc.ollama_vpc",
            "data.aws_availability_zones.available"
          ]
        }
      ]
    },
    {
      "mode": "managed",
      "type": "aws_lb_target_group",
      "name": "backend_tg",
      "provider": "provider[\"registry.terraform.io/hashicorp/aws\"]",
      "instances": [
        {
          "schema_version": 0,
          "attributes": {
            "arn": "arn:aws:elasticloadbalancing:us-west-2:388691194728:targetgroup/Troy-ollama-chat-app-backend-tg/50cb5ff4b815ae59",
            "arn_suffix": "targetgroup/Troy-ollama-chat-app-backend-tg/50cb5ff4b815ae59",
            "connection_termination": null,
            "deregistration_delay": "30",
            "health_check": [
              {
                "enabled": true,
                "healthy_threshold": 2,
                "interval": 30,
                "matcher": "200",
                "path": "/health",
                "port": "traffic-port",
                "protocol": "HTTP",
                "timeout": 5,
                "unhealthy_threshold": 3
              }
            ],
            "id": "arn:aws:elasticloadbalancing:us-west-2:388691194728:targetgroup/Troy-ollama-chat-app-backend-tg/50cb5ff4b815ae59",
            "ip_address_type": "ipv4",
            "lambda_multi_value_headers_enabled": false,
            "load_balancer_arns": [],
            "load_balancing_algorithm_type": "round_robin",
            "load_balancing_anomaly_mitigation": "off",
            "load_balancing_cross_zone_enabled": "use_load_balancer_configuration",
            "name": "Troy-ollama-chat-app-backend-tg",
            "name_prefix": "",
            "port": 8000,
            "preserve_client_ip": null,
            "protocol": "HTTP",
            "protocol_version": "HTTP1",
            "proxy_protocol_v2": false,
            "slow_start": 0,
            "stickiness": [
              {
                "cookie_duration": 86400,
                "cookie_name": "",
                "enabled": false,
                "type": "lb_cookie"
              }
            ],
            "tags": {
              "Environment": "production",
              "Name": "Troy-ollama-chat-app-backend-tg",
              "Project": "Troy-ollama-chat-app"
            },
            "tags_all": {
              "Environment": "production",
              "Name": "Troy-ollama-chat-app-backend-tg",
              "Project": "Troy-ollama-chat-app"
            },
            "target_failover": [
              {
                "on_deregistration": null,
                "on_unhealthy": null
              }
            ],
            "target_group_health": [
              {
                "dns_failover": [
                  {
                    "minimum_healthy_targets_count": "1",
                    "minimum_healthy_targets_percentage": "off"
                  }
                ],
                "unhealthy_state_routing": [
                  {
                    "minimum_healthy_targets_count": 1,
                    "minimum_healthy_targets_percentage": "off"
                  }
                ]
              }
            ],
            "target_health_state": [
              {
                "enable_unhealthy_connection_termination": null,
                "unhealthy_draining_interval": null
              }
            ],
            "target_type": "instance",
            "vpc_id": "vpc-079b11ddb736129af"
          },
          "sensitive_attributes": [],
          "identity_schema_version": 0,
          "private": "bnVsbA==",
          "dependencies": [
            "aws_vpc.ollama_vpc"
          ],
          "create_before_destroy": true
        }
      ]
    },
    {
      "mode": "managed",
      "type": "aws_lb_target_group",
      "name": "frontend_tg",
      "provider": "provider[\"registry.terraform.io/hashicorp/aws\"]",
      "instances": [
        {
          "schema_version": 0,
          "attributes": {
            "arn": "arn:aws:elasticloadbalancing:us-west-2:388691194728:targetgroup/Troy-ollama-chat-app-frontend-tg/9a8368fb1883f6fb",
            "arn_suffix": "targetgroup/Troy-ollama-chat-app-frontend-tg/9a8368fb1883f6fb",
            "connection_termination": null,
            "deregistration_delay": "30",
            "health_check": [
              {
                "enabled": true,
                "healthy_threshold": 2,
                "interval": 30,
                "matcher": "200",
                "path": "/",
                "port": "traffic-port",
                "protocol": "HTTP",
                "timeout": 5,
                "unhealthy_threshold": 3
              }
            ],
            "id": "arn:aws:elasticloadbalancing:us-west-2:388691194728:targetgroup/Troy-ollama-chat-app-frontend-tg/9a8368fb1883f6fb",
            "ip_address_type": "ipv4",
            "lambda_multi_value_headers_enabled": false,
            "load_balancer_arns": [],
            "load_balancing_algorithm_type": "round_robin",
            "load_balancing_anomaly_mitigation": "off",
            "load_balancing_cross_zone_enabled": "use_load_balancer_configuration",
            "name": "Troy-ollama-chat-app-frontend-tg",
            "name_prefix": "",
            "port": 3000,
            "preserve_client_ip": null,
            "protocol": "HTTP",
            "protocol_version": "HTTP1",
            "proxy_protocol_v2": false,
            "slow_start": 0,
            "stickiness": [
              {
                "cookie_duration": 86400,
                "cookie_name": "",
                "enabled": false,
                "type": "lb_cookie"
              }
            ],
            "tags": {
              "Environment": "production",
              "Name": "Troy-ollama-chat-app-frontend-tg",
              "Project": "Troy-ollama-chat-app"
            },
            "tags_all": {
              "Environment": "production",
              "Name": "Troy-ollama-chat-app-frontend-tg",
              "Project": "Troy-ollama-chat-app"
            },
            "target_failover": [
              {
                "on_deregistration": null,
                "on_unhealthy": null
              }
            ],
            "target_group_health": [
              {
                "dns_failover": [
                  {
                    "minimum_healthy_targets_count": "1",
                    "minimum_healthy_targets_percentage": "off"
                  }
                ],
                "unhealthy_state_routing": [
                  {
                    "minimum_healthy_targets_count": 1,
                    "minimum_healthy_targets_percentage": "off"
                  }
                ]
              }
            ],
            "target_health_state": [
              {
                "enable_unhealthy_connection_termination": null,
                "unhealthy_draining_interval": null
              }
            ],
            "target_type": "instance",
            "vpc_id": "vpc-079b11ddb736129af"
          },
          "sensitive_attributes": [],
          "identity_schema_version": 0,
          "private": "bnVsbA==",
          "dependencies": [
            "aws_vpc.ollama_vpc"
          ],
          "create_before_destroy": true
        }
      ]
    },
    {
      "mode": "managed",
      "type": "aws_nat_gateway",
      "name": "nat_gw_1",
      "provider": "provider[\"registry.terraform.io/hashicorp/aws\"]",
      "instances": [
        {
          "schema_version": 0,
          "attributes": {
            "allocation_id": "eipalloc-035672b7e686f1d03",
            "association_id": "eipassoc-07bed92a958b027bf",
            "connectivity_type": "public",
            "id": "nat-0ee633ba165f37311",
            "network_interface_id": "eni-03d9575d0d91e7b0d",
            "private_ip": "10.0.1.90",
            "public_ip": "100.22.246.93",
            "secondary_allocation_ids": null,
            "secondary_private_ip_address_count": 0,
            "secondary_private_ip_addresses": [],
            "subnet_id": "subnet-0ade655b399661ab3",
            "tags": {
              "Environment": "production",
              "Name": "Troy-ollama-chat-app-nat-gw-1",
              "Project": "Troy-ollama-chat-app"
            },
            "tags_all": {
              "Environment": "production",
              "Name": "Troy-ollama-chat-app-nat-gw-1",
              "Project": "Troy-ollama-chat-app"
            },
            "timeouts": null
          },
          "sensitive_attributes": [],
          "identity_schema_version": 0,
          "private": "eyJlMmJmYjczMC1lY2FhLTExZTYtOGY4OC0zNDM2M2JjN2M0YzAiOnsiY3JlYXRlIjo2MDAwMDAwMDAwMDAsImRlbGV0ZSI6MTgwMDAwMDAwMDAwMCwidXBkYXRlIjo2MDAwMDAwMDAwMDB9fQ==",
          "dependencies": [
            "aws_eip.nat_eip_1",
            "aws_internet_gateway.ollama_igw",
            "aws_subnet.public_subnet_1",
            "aws_vpc.ollama_vpc",
            "data.aws_availability_zones.available"
          ]
        }
      ]
    },
    {
      "mode": "managed",
      "type": "aws_nat_gateway",
      "name": "nat_gw_2",
      "provider": "provider[\"registry.terraform.io/hashicorp/aws\"]",
      "instances": [
        {
          "schema_version": 0,
          "attributes": {
            "allocation_id": "eipalloc-09ccb4e0132892ea7",
            "association_id": "eipassoc-094a8064eee598e09",
            "connectivity_type": "public",
            "id": "nat-07ef46bd1e93deb4b",
            "network_interface_id": "eni-08e0779e1415e0c28",
            "private_ip": "10.0.2.133",
            "public_ip": "50.112.106.221",
            "secondary_allocation_ids": null,
            "secondary_private_ip_address_count": 0,
            "secondary_private_ip_addresses": [],
            "subnet_id": "subnet-0e933a4e3a01dab3f",
            "tags": {
              "Environment": "production",
              "Name": "Troy-ollama-chat-app-nat-gw-2",
              "Project": "Troy-ollama-chat-app"
            },
            "tags_all": {
              "Environment": "production",
              "Name": "Troy-ollama-chat-app-nat-gw-2",
              "Project": "Troy-ollama-chat-app"
            },
            "timeouts": null
          },
          "sensitive_attributes": [],
          "identity_schema_version": 0,
          "private": "eyJlMmJmYjczMC1lY2FhLTExZTYtOGY4OC0zNDM2M2JjN2M0YzAiOnsiY3JlYXRlIjo2MDAwMDAwMDAwMDAsImRlbGV0ZSI6MTgwMDAwMDAwMDAwMCwidXBkYXRlIjo2MDAwMDAwMDAwMDB9fQ==",
          "dependencies": [
            "aws_eip.nat_eip_2",
            "aws_internet_gateway.ollama_igw",
            "aws_subnet.public_subnet_2",
            "aws_vpc.ollama_vpc",
            "data.aws_availability_zones.available"
          ]
        }
      ]
    },
    {
      "mode": "managed",
      "type": "aws_network_acl",
      "name": "backend_nacl",
      "provider": "provider[\"registry.terraform.io/hashicorp/aws\"]",
      "instances": [
        {
          "schema_version": 0,
          "attributes": {
            "arn": "arn:aws:ec2:us-west-2:388691194728:network-acl/acl-0a4610f1ff35142b4",
            "egress": [
              {
                "action": "allow",
                "cidr_block": "0.0.0.0/0",
                "from_port": 0,
                "icmp_code": null,
                "icmp_type": null,
                "ipv6_cidr_block": "",
                "protocol": "-1",
                "rule_no": 100,
                "to_port": 0
              }
            ],
            "id": "acl-0a4610f1ff35142b4",
            "ingress": [
              {
                "action": "allow",
                "cidr_block": "0.0.0.0/0",
                "from_port": 1024,
                "icmp_code": null,
                "icmp_type": null,
                "ipv6_cidr_block": "",
                "protocol": "tcp",
                "rule_no": 120,
                "to_port": 65535
              },
              {
                "action": "allow",
                "cidr_block": "0.0.0.0/0",
                "from_port": 443,
                "icmp_code": null,
                "icmp_type": null,
                "ipv6_cidr_block": "",
                "protocol": "tcp",
                "rule_no": 130,
                "to_port": 443
              },
              {
                "action": "allow",
                "cidr_block": "10.0.0.0/16",
                "from_port": 3000,
                "icmp_code": null,
                "icmp_type": null,
                "ipv6_cidr_block": "",
                "protocol": "tcp",
                "rule_no": 110,
                "to_port": 3000
              },
              {
                "action": "allow",
                "cidr_block": "10.0.0.0/16",
                "from_port": 8000,
                "icmp_code": null,
                "icmp_type": null,
                "ipv6_cidr_block": "",
                "protocol": "tcp",
                "rule_no": 100,
                "to_port": 8000
              }
            ],
            "owner_id": "388691194728",
            "subnet_ids": [
              "subnet-062687fb9c98206b5",
              "subnet-068a541b3e31da9f6"
            ],
            "tags": {
              "Environment": "production",
              "Name": "Troy-ollama-chat-app-backend-nacl",
              "Project": "Troy-ollama-chat-app"
            },
            "tags_all": {
              "Environment": "production",
              "Name": "Troy-ollama-chat-app-backend-nacl",
              "Project": "Troy-ollama-chat-app"
            },
            "vpc_id": "vpc-079b11ddb736129af"
          },
          "sensitive_attributes": [],
          "identity_schema_version": 0,
          "private": "bnVsbA==",
          "dependencies": [
            "aws_subnet.private_subnet_1",
            "aws_subnet.private_subnet_2",
            "aws_vpc.ollama_vpc",
            "data.aws_availability_zones.available"
          ]
        }
      ]
    },
    {
      "mode": "managed",
      "type": "aws_route_table",
      "name": "private_rt_1",
      "provider": "provider[\"registry.terraform.io/hashicorp/aws\"]",
      "instances": [
        {
          "schema_version": 0,
          "attributes": {
            "arn": "arn:aws:ec2:us-west-2:388691194728:route-table/rtb-035c5373764a50a70",
            "id": "rtb-035c5373764a50a70",
            "owner_id": "388691194728",
            "propagating_vgws": [],
            "route": [
              {
                "carrier_gateway_id": "",
                "cidr_block": "0.0.0.0/0",
                "core_network_arn": "",
                "destination_prefix_list_id": "",
                "egress_only_gateway_id": "",
                "gateway_id": "",
                "ipv6_cidr_block": "",
                "local_gateway_id": "",
                "nat_gateway_id": "nat-0ee633ba165f37311",
                "network_interface_id": "",
                "transit_gateway_id": "",
                "vpc_endpoint_id": "",
                "vpc_peering_connection_id": ""
              }
            ],
            "tags": {
              "Environment": "production",
              "Name": "Troy-ollama-chat-app-private-rt-1",
              "Project": "Troy-ollama-chat-app"
            },
            "tags_all": {
              "Environment": "production",
              "Name": "Troy-ollama-chat-app-private-rt-1",
              "Project": "Troy-ollama-chat-app"
            },
            "timeouts": null,
            "vpc_id": "vpc-079b11ddb736129af"
          },
          "sensitive_attributes": [],
          "identity_schema_version": 0,
          "private": "eyJlMmJmYjczMC1lY2FhLTExZTYtOGY4OC0zNDM2M2JjN2M0YzAiOnsiY3JlYXRlIjozMDAwMDAwMDAwMDAsImRlbGV0ZSI6MzAwMDAwMDAwMDAwLCJ1cGRhdGUiOjEyMDAwMDAwMDAwMH19",
          "dependencies": [
            "aws_eip.nat_eip_1",
            "aws_internet_gateway.ollama_igw",
            "aws_nat_gateway.nat_gw_1",
            "aws_subnet.public_subnet_1",
            "aws_vpc.ollama_vpc",
            "data.aws_availability_zones.available"
          ]
        }
      ]
    },
    {
      "mode": "managed",
      "type": "aws_route_table",
      "name": "private_rt_2",
      "provider": "provider[\"registry.terraform.io/hashicorp/aws\"]",
      "instances": [
        {
          "schema_version": 0,
          "attributes": {
            "arn": "arn:aws:ec2:us-west-2:388691194728:route-table/rtb-03e4fa4f8c462f1f7",
            "id": "rtb-03e4fa4f8c462f1f7",
            "owner_id": "388691194728",
            "propagating_vgws": [],
            "route": [
              {
                "carrier_gateway_id": "",
                "cidr_block": "0.0.0.0/0",
                "core_network_arn": "",
                "destination_prefix_list_id": "",
                "egress_only_gateway_id": "",
                "gateway_id": "",
                "ipv6_cidr_block": "",
                "local_gateway_id": "",
                "nat_gateway_id": "nat-07ef46bd1e93deb4b",
                "network_interface_id": "",
                "transit_gateway_id": "",
                "vpc_endpoint_id": "",
                "vpc_peering_connection_id": ""
              }
            ],
            "tags": {
              "Environment": "production",
              "Name": "Troy-ollama-chat-app-private-rt-2",
              "Project": "Troy-ollama-chat-app"
            },
            "tags_all": {
              "Environment": "production",
              "Name": "Troy-ollama-chat-app-private-rt-2",
              "Project": "Troy-ollama-chat-app"
            },
            "timeouts": null,
            "vpc_id": "vpc-079b11ddb736129af"
          },
          "sensitive_attributes": [],
          "identity_schema_version": 0,
          "private": "eyJlMmJmYjczMC1lY2FhLTExZTYtOGY4OC0zNDM2M2JjN2M0YzAiOnsiY3JlYXRlIjozMDAwMDAwMDAwMDAsImRlbGV0ZSI6MzAwMDAwMDAwMDAwLCJ1cGRhdGUiOjEyMDAwMDAwMDAwMH19",
          "dependencies": [
            "aws_eip.nat_eip_2",
            "aws_internet_gateway.ollama_igw",
            "aws_nat_gateway.nat_gw_2",
            "aws_subnet.public_subnet_2",
            "aws_vpc.ollama_vpc",
            "data.aws_availability_zones.available"
          ]
        }
      ]
    },
    {
      "mode": "managed",
      "type": "aws_route_table",
      "name": "public_rt",
      "provider": "provider[\"registry.terraform.io/hashicorp/aws\"]",
      "instances": [
        {
          "schema_version": 0,
          "attributes": {
            "arn": "arn:aws:ec2:us-west-2:388691194728:route-table/rtb-07a5dd88d768b8779",
            "id": "rtb-07a5dd88d768b8779",
            "owner_id": "388691194728",
            "propagating_vgws": [],
            "route": [
              {
                "carrier_gateway_id": "",
                "cidr_block": "0.0.0.0/0",
                "core_network_arn": "",
                "destination_prefix_list_id": "",
                "egress_only_gateway_id": "",
                "gateway_id": "igw-015c2ec438ce86691",
                "ipv6_cidr_block": "",
                "local_gateway_id": "",
                "nat_gateway_id": "",
                "network_interface_id": "",
                "transit_gateway_id": "",
                "vpc_endpoint_id": "",
                "vpc_peering_connection_id": ""
              }
            ],
            "tags": {
              "Environment": "production",
              "Name": "Troy-ollama-chat-app-public-rt",
              "Project": "Troy-ollama-chat-app"
            },
            "tags_all": {
              "Environment": "production",
              "Name": "Troy-ollama-chat-app-public-rt",
              "Project": "Troy-ollama-chat-app"
            },
            "timeouts": null,
            "vpc_id": "vpc-079b11ddb736129af"
          },
          "sensitive_attributes": [],
          "identity_schema_version": 0,
          "private": "eyJlMmJmYjczMC1lY2FhLTExZTYtOGY4OC0zNDM2M2JjN2M0YzAiOnsiY3JlYXRlIjozMDAwMDAwMDAwMDAsImRlbGV0ZSI6MzAwMDAwMDAwMDAwLCJ1cGRhdGUiOjEyMDAwMDAwMDAwMH19",
          "dependencies": [
            "aws_internet_gateway.ollama_igw",
            "aws_vpc.ollama_vpc"
          ]
        }
      ]
    },
    {
      "mode": "managed",
      "type": "aws_route_table_association",
      "name": "private_rta_1",
      "provider": "provider[\"registry.terraform.io/hashicorp/aws\"]",
      "instances": [
        {
          "schema_version": 0,
          "attributes": {
            "gateway_id": "",
            "id": "rtbassoc-0e537fb843c896879",
            "route_table_id": "rtb-035c5373764a50a70",
            "subnet_id": "subnet-062687fb9c98206b5",
            "timeouts": null
          },
          "sensitive_attributes": [],
          "identity_schema_version": 0,
          "private": "eyJlMmJmYjczMC1lY2FhLTExZTYtOGY4OC0zNDM2M2JjN2M0YzAiOnsiY3JlYXRlIjozMDAwMDAwMDAwMDAsImRlbGV0ZSI6MzAwMDAwMDAwMDAwLCJ1cGRhdGUiOjEyMDAwMDAwMDAwMH19",
          "dependencies": [
            "aws_eip.nat_eip_1",
            "aws_internet_gateway.ollama_igw",
            "aws_nat_gateway.nat_gw_1",
            "aws_route_table.private_rt_1",
            "aws_subnet.private_subnet_1",
            "aws_subnet.public_subnet_1",
            "aws_vpc.ollama_vpc",
            "data.aws_availability_zones.available"
          ]
        }
      ]
    },
    {
      "mode": "managed",
      "type": "aws_route_table_association",
      "name": "private_rta_2",
      "provider": "provider[\"registry.terraform.io/hashicorp/aws\"]",
      "instances": [
        {
          "schema_version": 0,
          "attributes": {
            "gateway_id": "",
            "id": "rtbassoc-072976fd0dc52f866",
            "route_table_id": "rtb-03e4fa4f8c462f1f7",
            "subnet_id": "subnet-068a541b3e31da9f6",
            "timeouts": null
          },
          "sensitive_attributes": [],
          "identity_schema_version": 0,
          "private": "eyJlMmJmYjczMC1lY2FhLTExZTYtOGY4OC0zNDM2M2JjN2M0YzAiOnsiY3JlYXRlIjozMDAwMDAwMDAwMDAsImRlbGV0ZSI6MzAwMDAwMDAwMDAwLCJ1cGRhdGUiOjEyMDAwMDAwMDAwMH19",
          "dependencies": [
            "aws_eip.nat_eip_2",
            "aws_internet_gateway.ollama_igw",
            "aws_nat_gateway.nat_gw_2",
            "aws_route_table.private_rt_2",
            "aws_subnet.private_subnet_2",
            "aws_subnet.public_subnet_2",
            "aws_vpc.ollama_vpc",
            "data.aws_availability_zones.available"
          ]
        }
      ]
    },
    {
      "mode": "managed",
      "type": "aws_route_table_association",
      "name": "public_rta_1",
      "provider": "provider[\"registry.terraform.io/hashicorp/aws\"]",
      "instances": [
        {
          "schema_version": 0,
          "attributes": {
            "gateway_id": "",
            "id": "rtbassoc-0823edffa884cd9c9",
            "route_table_id": "rtb-07a5dd88d768b8779",
            "subnet_id": "subnet-0ade655b399661ab3",
            "timeouts": null
          },
          "sensitive_attributes": [],
          "identity_schema_version": 0,
          "private": "eyJlMmJmYjczMC1lY2FhLTExZTYtOGY4OC0zNDM2M2JjN2M0YzAiOnsiY3JlYXRlIjozMDAwMDAwMDAwMDAsImRlbGV0ZSI6MzAwMDAwMDAwMDAwLCJ1cGRhdGUiOjEyMDAwMDAwMDAwMH19",
          "dependencies": [
            "aws_internet_gateway.ollama_igw",
            "aws_route_table.public_rt",
            "aws_subnet.public_subnet_1",
            "aws_vpc.ollama_vpc",
            "data.aws_availability_zones.available"
          ]
        }
      ]
    },
    {
      "mode": "managed",
      "type": "aws_route_table_association",
      "name": "public_rta_2",
      "provider": "provider[\"registry.terraform.io/hashicorp/aws\"]",
      "instances": [
        {
          "schema_version": 0,
          "attributes": {
            "gateway_id": "",
            "id": "rtbassoc-001bca57565bfd9c3",
            "route_table_id": "rtb-07a5dd88d768b8779",
            "subnet_id": "subnet-0e933a4e3a01dab3f",
            "timeouts": null
          },
          "sensitive_attributes": [],
          "identity_schema_version": 0,
          "private": "eyJlMmJmYjczMC1lY2FhLTExZTYtOGY4OC0zNDM2M2JjN2M0YzAiOnsiY3JlYXRlIjozMDAwMDAwMDAwMDAsImRlbGV0ZSI6MzAwMDAwMDAwMDAwLCJ1cGRhdGUiOjEyMDAwMDAwMDAwMH19",
          "dependencies": [
            "aws_internet_gateway.ollama_igw",
            "aws_route_table.public_rt",
            "aws_subnet.public_subnet_2",
            "aws_vpc.ollama_vpc",
            "data.aws_availability_zones.available"
          ]
        }
      ]
    },
    {
      "mode": "managed",
      "type": "aws_security_group",
      "name": "alb_sg",
      "provider": "provider[\"registry.terraform.io/hashicorp/aws\"]",
      "instances": [
        {
          "schema_version": 1,
          "attributes": {
            "arn": "arn:aws:ec2:us-west-2:388691194728:security-group/sg-0d58b171fda5ec13b",
            "description": "Security group for Application Load Balancer",
            "egress": [
              {
                "cidr_blocks": [
                  "0.0.0.0/0"
                ],
                "description": "All outbound traffic",
                "from_port": 0,
                "ipv6_cidr_blocks": [],
                "prefix_list_ids": [],
                "protocol": "-1",
                "security_groups": [],
                "self": false,
                "to_port": 0
              }
            ],
            "id": "sg-0d58b171fda5ec13b",
            "ingress": [
              {
                "cidr_blocks": [
                  "0.0.0.0/0"
                ],
                "description": "HTTP from Internet",
                "from_port": 80,
                "ipv6_cidr_blocks": [],
                "prefix_list_ids": [],
                "protocol": "tcp",
                "security_groups": [],
                "self": false,
                "to_port": 80
              },
              {
                "cidr_blocks": [
                  "0.0.0.0/0"
                ],
                "description": "HTTPS from Internet",
                "from_port": 443,
                "ipv6_cidr_blocks": [],
                "prefix_list_ids": [],
                "protocol": "tcp",
                "security_groups": [],
                "self": false,
                "to_port": 443
              }
            ],
            "name": "Troy-ollama-chat-app-alb-sg",
            "name_prefix": "",
            "owner_id": "388691194728",
            "revoke_rules_on_delete": false,
            "tags": {
              "Environment": "production",
              "Name": "Troy-ollama-chat-app-alb-sg",
              "Project": "Troy-ollama-chat-app"
            },
            "tags_all": {
              "Environment": "production",
              "Name": "Troy-ollama-chat-app-alb-sg",
              "Project": "Troy-ollama-chat-app"
            },
            "timeouts": null,
            "vpc_id": "vpc-079b11ddb736129af"
          },
          "sensitive_attributes": [],
          "identity_schema_version": 0,
          "private": "eyJlMmJmYjczMC1lY2FhLTExZTYtOGY4OC0zNDM2M2JjN2M0YzAiOnsiY3JlYXRlIjo2MDAwMDAwMDAwMDAsImRlbGV0ZSI6OTAwMDAwMDAwMDAwfSwic2NoZW1hX3ZlcnNpb24iOiIxIn0=",
          "dependencies": [
            "aws_vpc.ollama_vpc"
          ],
          "create_before_destroy": true
        }
      ]
    },
    {
      "mode": "managed",
      "type": "aws_security_group",
      "name": "backend_sg",
      "provider": "provider[\"registry.terraform.io/hashicorp/aws\"]",
      "instances": [
        {
          "schema_version": 1,
          "attributes": {
            "arn": "arn:aws:ec2:us-west-2:388691194728:security-group/sg-0cb2d9d2fd5a87fb1",
            "description": "Security group for Flask backend instances",
            "egress": [
              {
                "cidr_blocks": [
                  "0.0.0.0/0"
                ],
                "description": "All outbound",
                "from_port": 0,
                "ipv6_cidr_blocks": [],
                "prefix_list_ids": [],
                "protocol": "-1",
                "security_groups": [],
                "self": false,
                "to_port": 0
              }
            ],
            "id": "sg-0cb2d9d2fd5a87fb1",
            "ingress": [
              {
                "cidr_blocks": [
                  "10.0.0.0/16"
                ],
                "description": "SSH",
                "from_port": 22,
                "ipv6_cidr_blocks": [],
                "prefix_list_ids": [],
                "protocol": "tcp",
                "security_groups": [],
                "self": false,
                "to_port": 22
              },
              {
                "cidr_blocks": [],
                "description": "HTTP from ALB",
                "from_port": 8000,
                "ipv6_cidr_blocks": [],
                "prefix_list_ids": [],
                "protocol": "tcp",
                "security_groups": [
                  "sg-0d58b171fda5ec13b"
                ],
                "self": false,
                "to_port": 8000
              }
            ],
            "name": "Troy-ollama-chat-app-backend-sg",
            "name_prefix": "",
            "owner_id": "388691194728",
            "revoke_rules_on_delete": false,
            "tags": {
              "Environment": "production",
              "Name": "Troy-ollama-chat-app-backend-sg",
              "Project": "Troy-ollama-chat-app"
            },
            "tags_all": {
              "Environment": "production",
              "Name": "Troy-ollama-chat-app-backend-sg",
              "Project": "Troy-ollama-chat-app"
            },
            "timeouts": null,
            "vpc_id": "vpc-079b11ddb736129af"
          },
          "sensitive_attributes": [],
          "identity_schema_version": 0,
          "private": "eyJlMmJmYjczMC1lY2FhLTExZTYtOGY4OC0zNDM2M2JjN2M0YzAiOnsiY3JlYXRlIjo2MDAwMDAwMDAwMDAsImRlbGV0ZSI6OTAwMDAwMDAwMDAwfSwic2NoZW1hX3ZlcnNpb24iOiIxIn0=",
          "dependencies": [
            "aws_security_group.alb_sg",
            "aws_vpc.ollama_vpc"
          ],
          "create_before_destroy": true
        }
      ]
    },
    {
      "mode": "managed",
      "type": "aws_security_group",
      "name": "frontend_sg",
      "provider": "provider[\"registry.terraform.io/hashicorp/aws\"]",
      "instances": [
        {
          "schema_version": 1,
          "attributes": {
            "arn": "arn:aws:ec2:us-west-2:388691194728:security-group/sg-06709cadc959026f6",
            "description": "Security group for React frontend instances",
            "egress": [
              {
                "cidr_blocks": [
                  "0.0.0.0/0"
                ],
                "description": "All outbound",
                "from_port": 0,
                "ipv6_cidr_blocks": [],
                "prefix_list_ids": [],
                "protocol": "-1",
                "security_groups": [],
                "self": false,
                "to_port": 0
              }
            ],
            "id": "sg-06709cadc959026f6",
            "ingress": [
              {
                "cidr_blocks": [
                  "10.0.0.0/16"
                ],
                "description": "SSH",
                "from_port": 22,
                "ipv6_cidr_blocks": [],
                "prefix_list_ids": [],
                "protocol": "tcp",
                "security_groups": [],
                "self": false,
                "to_port": 22
              },
              {
                "cidr_blocks": [],
                "description": "HTTP from ALB",
                "from_port": 3000,
                "ipv6_cidr_blocks": [],
                "prefix_list_ids": [],
                "protocol": "tcp",
                "security_groups": [
                  "sg-0d58b171fda5ec13b"
                ],
                "self": false,
                "to_port": 3000
              }
            ],
            "name": "Troy-ollama-chat-app-frontend-sg",
            "name_prefix": "",
            "owner_id": "388691194728",
            "revoke_rules_on_delete": false,
            "tags": {
              "Environment": "production",
              "Name": "Troy-ollama-chat-app-frontend-sg",
              "Project": "Troy-ollama-chat-app"
            },
            "tags_all": {
              "Environment": "production",
              "Name": "Troy-ollama-chat-app-frontend-sg",
              "Project": "Troy-ollama-chat-app"
            },
            "timeouts": null,
            "vpc_id": "vpc-079b11ddb736129af"
          },
          "sensitive_attributes": [],
          "identity_schema_version": 0,
          "private": "eyJlMmJmYjczMC1lY2FhLTExZTYtOGY4OC0zNDM2M2JjN2M0YzAiOnsiY3JlYXRlIjo2MDAwMDAwMDAwMDAsImRlbGV0ZSI6OTAwMDAwMDAwMDAwfSwic2NoZW1hX3ZlcnNpb24iOiIxIn0=",
          "dependencies": [
            "aws_security_group.alb_sg",
            "aws_vpc.ollama_vpc"
          ],
          "create_before_destroy": true
        }
      ]
    },
    {
      "mode": "managed",
      "type": "aws_subnet",
      "name": "private_subnet_1",
      "provider": "provider[\"registry.terraform.io/hashicorp/aws\"]",
      "instances": [
        {
          "schema_version": 1,
          "attributes": {
            "arn": "arn:aws:ec2:us-west-2:388691194728:subnet/subnet-062687fb9c98206b5",
            "assign_ipv6_address_on_creation": false,
            "availability_zone": "us-west-2a",
            "availability_zone_id": "usw2-az2",
            "cidr_block": "10.0.11.0/24",
            "customer_owned_ipv4_pool": "",
            "enable_dns64": false,
            "enable_lni_at_device_index": 0,
            "enable_resource_name_dns_a_record_on_launch": false,
            "enable_resource_name_dns_aaaa_record_on_launch": false,
            "id": "subnet-062687fb9c98206b5",
            "ipv6_cidr_block": "",
            "ipv6_cidr_block_association_id": "",
            "ipv6_native": false,
            "map_customer_owned_ip_on_launch": false,
            "map_public_ip_on_launch": false,
            "outpost_arn": "",
            "owner_id": "388691194728",
            "private_dns_hostname_type_on_launch": "ip-name",
            "tags": {
              "Environment": "production",
              "Name": "Troy-ollama-chat-app-private-subnet-1",
              "Project": "Troy-ollama-chat-app",
              "Tier": "Application",
              "Type": "Private"
            },
            "tags_all": {
              "Environment": "production",
              "Name": "Troy-ollama-chat-app-private-subnet-1",
              "Project": "Troy-ollama-chat-app",
              "Tier": "Application",
              "Type": "Private"
            },
            "timeouts": null,
            "vpc_id": "vpc-079b11ddb736129af"
          },
          "sensitive_attributes": [],
          "identity_schema_version": 0,
          "private": "eyJlMmJmYjczMC1lY2FhLTExZTYtOGY4OC0zNDM2M2JjN2M0YzAiOnsiY3JlYXRlIjo2MDAwMDAwMDAwMDAsImRlbGV0ZSI6MTIwMDAwMDAwMDAwMH0sInNjaGVtYV92ZXJzaW9uIjoiMSJ9",
          "dependencies": [
            "aws_vpc.ollama_vpc",
            "data.aws_availability_zones.available"
          ],
          "create_before_destroy": true
        }
      ]
    },
    {
      "mode": "managed",
      "type": "aws_subnet",
      "name": "private_subnet_2",
      "provider": "provider[\"registry.terraform.io/hashicorp/aws\"]",
      "instances": [
        {
          "schema_version": 1,
          "attributes": {
            "arn": "arn:aws:ec2:us-west-2:388691194728:subnet/subnet-068a541b3e31da9f6",
            "assign_ipv6_address_on_creation": false,
            "availability_zone": "us-west-2b",
            "availability_zone_id": "usw2-az1",
            "cidr_block": "10.0.12.0/24",
            "customer_owned_ipv4_pool": "",
            "enable_dns64": false,
            "enable_lni_at_device_index": 0,
            "enable_resource_name_dns_a_record_on_launch": false,
            "enable_resource_name_dns_aaaa_record_on_launch": false,
            "id": "subnet-068a541b3e31da9f6",
            "ipv6_cidr_block": "",
            "ipv6_cidr_block_association_id": "",
            "ipv6_native": false,
            "map_customer_owned_ip_on_launch": false,
            "map_public_ip_on_launch": false,
            "outpost_arn": "",
            "owner_id": "388691194728",
            "private_dns_hostname_type_on_launch": "ip-name",
            "tags": {
              "Environment": "production",
              "Name": "Troy-ollama-chat-app-private-subnet-2",
              "Project": "Troy-ollama-chat-app",
              "Tier": "Application",
              "Type": "Private"
            },
            "tags_all": {
              "Environment": "production",
              "Name": "Troy-ollama-chat-app-private-subnet-2",
              "Project": "Troy-ollama-chat-app",
              "Tier": "Application",
              "Type": "Private"
            },
            "timeouts": null,
            "vpc_id": "vpc-079b11ddb736129af"
          },
          "sensitive_attributes": [],
          "identity_schema_version": 0,
          "private": "eyJlMmJmYjczMC1lY2FhLTExZTYtOGY4OC0zNDM2M2JjN2M0YzAiOnsiY3JlYXRlIjo2MDAwMDAwMDAwMDAsImRlbGV0ZSI6MTIwMDAwMDAwMDAwMH0sInNjaGVtYV92ZXJzaW9uIjoiMSJ9",
          "dependencies": [
            "aws_vpc.ollama_vpc",
            "data.aws_availability_zones.available"
          ],
          "create_before_destroy": true
        }
      ]
    },
    {
      "mode": "managed",
      "type": "aws_subnet",
      "name": "public_subnet_1",
      "provider": "provider[\"registry.terraform.io/hashicorp/aws\"]",
      "instances": [
        {
          "schema_version": 1,
          "attributes": {
            "arn": "arn:aws:ec2:us-west-2:388691194728:subnet/subnet-0ade655b399661ab3",
            "assign_ipv6_address_on_creation": false,
            "availability_zone": "us-west-2a",
            "availability_zone_id": "usw2-az2",
            "cidr_block": "10.0.1.0/24",
            "customer_owned_ipv4_pool": "",
            "enable_dns64": false,
            "enable_lni_at_device_index": 0,
            "enable_resource_name_dns_a_record_on_launch": false,
            "enable_resource_name_dns_aaaa_record_on_launch": false,
            "id": "subnet-0ade655b399661ab3",
            "ipv6_cidr_block": "",
            "ipv6_cidr_block_association_id": "",
            "ipv6_native": false,
            "map_customer_owned_ip_on_launch": false,
            "map_public_ip_on_launch": true,
            "outpost_arn": "",
            "owner_id": "388691194728",
            "private_dns_hostname_type_on_launch": "ip-name",
            "tags": {
              "Environment": "production",
              "Name": "Troy-ollama-chat-app-public-subnet-1",
              "Project": "Troy-ollama-chat-app",
              "Tier": "Web",
              "Type": "Public"
            },
            "tags_all": {
              "Environment": "production",
              "Name": "Troy-ollama-chat-app-public-subnet-1",
              "Project": "Troy-ollama-chat-app",
              "Tier": "Web",
              "Type": "Public"
            },
            "timeouts": null,
            "vpc_id": "vpc-079b11ddb736129af"
          },
          "sensitive_attributes": [],
          "identity_schema_version": 0,
          "private": "eyJlMmJmYjczMC1lY2FhLTExZTYtOGY4OC0zNDM2M2JjN2M0YzAiOnsiY3JlYXRlIjo2MDAwMDAwMDAwMDAsImRlbGV0ZSI6MTIwMDAwMDAwMDAwMH0sInNjaGVtYV92ZXJzaW9uIjoiMSJ9",
          "dependencies": [
            "aws_vpc.ollama_vpc",
            "data.aws_availability_zones.available"
          ]
        }
      ]
    },
    {
      "mode": "managed",
      "type": "aws_subnet",
      "name": "public_subnet_2",
      "provider": "provider[\"registry.terraform.io/hashicorp/aws\"]",
      "instances": [
        {
          "schema_version": 1,
          "attributes": {
            "arn": "arn:aws:ec2:us-west-2:388691194728:subnet/subnet-0e933a4e3a01dab3f",
            "assign_ipv6_address_on_creation": false,
            "availability_zone": "us-west-2b",
            "availability_zone_id": "usw2-az1",
            "cidr_block": "10.0.2.0/24",
            "customer_owned_ipv4_pool": "",
            "enable_dns64": false,
            "enable_lni_at_device_index": 0,
            "enable_resource_name_dns_a_record_on_launch": false,
            "enable_resource_name_dns_aaaa_record_on_launch": false,
            "id": "subnet-0e933a4e3a01dab3f",
            "ipv6_cidr_block": "",
            "ipv6_cidr_block_association_id": "",
            "ipv6_native": false,
            "map_customer_owned_ip_on_launch": false,
            "map_public_ip_on_launch": true,
            "outpost_arn": "",
            "owner_id": "388691194728",
            "private_dns_hostname_type_on_launch": "ip-name",
            "tags": {
              "Environment": "production",
              "Name": "Troy-ollama-chat-app-public-subnet-2",
              "Project": "Troy-ollama-chat-app",
              "Tier": "Web",
              "Type": "Public"
            },
            "tags_all": {
              "Environment": "production",
              "Name": "Troy-ollama-chat-app-public-subnet-2",
              "Project": "Troy-ollama-chat-app",
              "Tier": "Web",
              "Type": "Public"
            },
            "timeouts": null,
            "vpc_id": "vpc-079b11ddb736129af"
          },
          "sensitive_attributes": [],
          "identity_schema_version": 0,
          "private": "eyJlMmJmYjczMC1lY2FhLTExZTYtOGY4OC0zNDM2M2JjN2M0YzAiOnsiY3JlYXRlIjo2MDAwMDAwMDAwMDAsImRlbGV0ZSI6MTIwMDAwMDAwMDAwMH0sInNjaGVtYV92ZXJzaW9uIjoiMSJ9",
          "dependencies": [
            "aws_vpc.ollama_vpc",
            "data.aws_availability_zones.available"
          ]
        }
      ]
    },
    {
      "mode": "managed",
      "type": "aws_vpc",
      "name": "ollama_vpc",
      "provider": "provider[\"registry.terraform.io/hashicorp/aws\"]",
      "instances": [
        {
          "schema_version": 1,
          "attributes": {
            "arn": "arn:aws:ec2:us-west-2:388691194728:vpc/vpc-079b11ddb736129af",
            "assign_generated_ipv6_cidr_block": false,
            "cidr_block": "10.0.0.0/16",
            "default_network_acl_id": "acl-0a1a3a263103112c4",
            "default_route_table_id": "rtb-0f6217f44a6018541",
            "default_security_group_id": "sg-07bed9e339efd37bf",
            "dhcp_options_id": "dopt-0b6164978718ff062",
            "enable_dns_hostnames": true,
            "enable_dns_support": true,
            "enable_network_address_usage_metrics": false,
            "id": "vpc-079b11ddb736129af",
            "instance_tenancy": "default",
            "ipv4_ipam_pool_id": null,
            "ipv4_netmask_length": null,
            "ipv6_association_id": "",
            "ipv6_cidr_block": "",
            "ipv6_cidr_block_network_border_group": "",
            "ipv6_ipam_pool_id": "",
            "ipv6_netmask_length": 0,
            "main_route_table_id": "rtb-0f6217f44a6018541",
            "owner_id": "388691194728",
            "tags": {
              "Environment": "production",
              "Name": "Troy-ollama-chat-app-vpc",
              "Project": "Troy-ollama-chat-app"
            },
            "tags_all": {
              "Environment": "production",
              "Name": "Troy-ollama-chat-app-vpc",
              "Project": "Troy-ollama-chat-app"
            }
          },
          "sensitive_attributes": [],
          "identity_schema_version": 0,
          "private": "eyJzY2hlbWFfdmVyc2lvbiI6IjEifQ==",
          "create_before_destroy": true
        }
      ]
    }
  ],
  "check_results": null
}
